suite = "chess"
namespace = "battlement/chess"

[[baselines]]
profile = "macos"
scenario = "computer win"
checkpoint = "computer-win"
sha256 = "787d1732418f44fcf319784279e4bf4dbf89fe4778e8852b09cbb49262001a2e"
width = 1280
height = 720
size_bytes = 541273
source = "d7171fe9cced8ab57b39178713bd02c886713d9a7b7dcb81ce3e8bfa9fab09b8"

[[baselines]]
profile = "macos"
scenario = "title"
checkpoint = "title"
sha256 = "c36d51e0245ae245671064600f7bc3e0350fb9af59dc5f0b1bcdf5f3fa23bd44"
width = 1280
height = 720
size_bytes = 508551
source = "64311473cadce3650e3f1b7e12b00c1286584527a4dcc58863f9b5aa5302e540"

[[baselines]]
profile = "macos"
scenario = "resumed board"
checkpoint = "resumed-board"
sha256 = "b6a56a305872d85679dcc3b849fc33458d3c477213814175526b30069bac5f82"
width = 1280
height = 720
size_bytes = 536855
source = "74f37429bddcd93933962291daf21c17ccfca691988d077664bb9da2163770df"
