suite = "chess"
namespace = "battlement/chess"

[[baselines]]
profile = "macos"
scenario = "computer win"
checkpoint = "computer-win"
sha256 = "9de0ff71960392c0a13c5b8f506dafd329e148594312f2691c9a02adc5947347"
width = 1280
height = 720
size_bytes = 541258
source = "26527c7322d315670fb108611c2651b8ee685e1aca93a87ca19a3fc4def7cec8"

[[baselines]]
profile = "macos"
scenario = "resumed board"
checkpoint = "resumed-board"
sha256 = "5832577d035309f4061e0e42957f9a60d5127b1d4e9092fd68047c53e6cacff5"
width = 1280
height = 720
size_bytes = 536891
source = "26527c7322d315670fb108611c2651b8ee685e1aca93a87ca19a3fc4def7cec8"

[[baselines]]
profile = "macos"
scenario = "title"
checkpoint = "title"
sha256 = "99e7b7ef563b5df625b0a1e4a978ba3208a3e757ccae7a1a21bf277fd2e098e2"
width = 1280
height = 720
size_bytes = 508553
source = "26527c7322d315670fb108611c2651b8ee685e1aca93a87ca19a3fc4def7cec8"
