suite = "hearts"
namespace = "battlement/hearts"

[[baselines]]
profile = "macos"
scenario = "Hearts choreography"
checkpoint = "collect-end"
sha256 = "16bc9bf4b1f69a686e31eb8e6d6247531132711372744f3b6270325c4fb7640a"
width = 1280
height = 720
size_bytes = 530414
source = "20b6a23c3873743ec0e1f972282f52356ba7e4e7ee6d63a8d25b66e09e97989b"

[[baselines]]
profile = "macos"
scenario = "Hearts choreography"
checkpoint = "collect-midpoint"
sha256 = "d9037f0912e6c13a45d08885fe72d2a2acb6e8dc8acdaf1448fadaedc981dfbd"
width = 1280
height = 720
size_bytes = 538188
source = "20b6a23c3873743ec0e1f972282f52356ba7e4e7ee6d63a8d25b66e09e97989b"

[[baselines]]
profile = "macos"
scenario = "Hearts choreography"
checkpoint = "deal-end"
sha256 = "10e005ce256c11b7c4e74ffd9a6471da449b68e2fcc73de291b1d9054e5b88b3"
width = 1280
height = 720
size_bytes = 572609
source = "20b6a23c3873743ec0e1f972282f52356ba7e4e7ee6d63a8d25b66e09e97989b"

[[baselines]]
profile = "macos"
scenario = "Hearts choreography"
checkpoint = "deal-midpoint"
sha256 = "18ae6a93f10d3361e78b97f0eee400ac812188c0434cad2128d4baddde6d4cd2"
width = 1280
height = 720
size_bytes = 434857
source = "20b6a23c3873743ec0e1f972282f52356ba7e4e7ee6d63a8d25b66e09e97989b"

[[baselines]]
profile = "macos"
scenario = "Hearts choreography"
checkpoint = "fourth-card-landing"
sha256 = "24843ee3939adddb53704ac3f4a8487fc47af5e1574f9d571ee44fdd7434ca92"
width = 1280
height = 720
size_bytes = 545361
source = "20b6a23c3873743ec0e1f972282f52356ba7e4e7ee6d63a8d25b66e09e97989b"

[[baselines]]
profile = "macos"
scenario = "Hearts choreography"
checkpoint = "pass-end"
sha256 = "3517b00237d33e0fad37215c76dc73e7e6e28b5704493a49c478d8fdc3c91af3"
width = 1280
height = 720
size_bytes = 547254
source = "20b6a23c3873743ec0e1f972282f52356ba7e4e7ee6d63a8d25b66e09e97989b"

[[baselines]]
profile = "macos"
scenario = "Hearts choreography"
checkpoint = "pass-midpoint"
sha256 = "4dc81d5b84ff70a9e0a7ea5c3ab5e033b77d6fac48bcfbca14a8b57ae393b961"
width = 1280
height = 720
size_bytes = 564068
source = "20b6a23c3873743ec0e1f972282f52356ba7e4e7ee6d63a8d25b66e09e97989b"

[[baselines]]
profile = "macos"
scenario = "Hearts choreography"
checkpoint = "play-midpoint"
sha256 = "030494987c2f3b8cb698eb4463769ad4dbec3872ec5b52f0d8b33c02c2222c7b"
width = 1280
height = 720
size_bytes = 560065
source = "20b6a23c3873743ec0e1f972282f52356ba7e4e7ee6d63a8d25b66e09e97989b"

[[baselines]]
profile = "macos"
scenario = "Hearts choreography"
checkpoint = "play-paused"
sha256 = "8ab7188b00e8d1759c750f8b905a872e07db549da7b2ca918a44dee958fe662c"
width = 1280
height = 720
size_bytes = 555117
source = "20b6a23c3873743ec0e1f972282f52356ba7e4e7ee6d63a8d25b66e09e97989b"

[[baselines]]
profile = "macos"
scenario = "Hearts choreography"
checkpoint = "play-paused-later"
sha256 = "8ab7188b00e8d1759c750f8b905a872e07db549da7b2ca918a44dee958fe662c"
width = 1280
height = 720
size_bytes = 555117
source = "20b6a23c3873743ec0e1f972282f52356ba7e4e7ee6d63a8d25b66e09e97989b"

[[baselines]]
profile = "macos"
scenario = "Hearts choreography"
checkpoint = "reduced-collected"
sha256 = "2a83beea647469666b5c42a34bfc038a4df83a7d2ea84dc091d6d78f584f6505"
width = 1280
height = 720
size_bytes = 237810
source = "20b6a23c3873743ec0e1f972282f52356ba7e4e7ee6d63a8d25b66e09e97989b"

[[baselines]]
profile = "macos"
scenario = "Hearts choreography"
checkpoint = "reduced-full-trick"
sha256 = "a19feb620e69d181d23cdcf3aa42c091fe9dc4a9b48bb97f60668564452baa95"
width = 1280
height = 720
size_bytes = 270941
source = "20b6a23c3873743ec0e1f972282f52356ba7e4e7ee6d63a8d25b66e09e97989b"

[[baselines]]
profile = "macos"
scenario = "Hearts choreography"
checkpoint = "reduced-scored"
sha256 = "4b2d694e6978b9c65faf01471cfc2c584fd1a7507f0a3afc8fc71f1f2b906d30"
width = 1280
height = 720
size_bytes = 238138
source = "20b6a23c3873743ec0e1f972282f52356ba7e4e7ee6d63a8d25b66e09e97989b"

[[baselines]]
profile = "macos"
scenario = "Hearts choreography"
checkpoint = "retarget-end"
sha256 = "a82486e5cef341d5aaa1fcc0ff03ec2a532d37b38affad1e9cd373b269842768"
width = 1280
height = 720
size_bytes = 354531
source = "20b6a23c3873743ec0e1f972282f52356ba7e4e7ee6d63a8d25b66e09e97989b"

[[baselines]]
profile = "macos"
scenario = "Hearts choreography"
checkpoint = "retarget-midpoint"
sha256 = "f36975db6b39427a6ed2b25b32cda5ded1a5fa00c09abc41f88f4d85044ce765"
width = 1280
height = 720
size_bytes = 547661
source = "20b6a23c3873743ec0e1f972282f52356ba7e4e7ee6d63a8d25b66e09e97989b"

[[baselines]]
profile = "macos"
scenario = "Hearts choreography"
checkpoint = "trick-hold"
sha256 = "24843ee3939adddb53704ac3f4a8487fc47af5e1574f9d571ee44fdd7434ca92"
width = 1280
height = 720
size_bytes = 545361
source = "20b6a23c3873743ec0e1f972282f52356ba7e4e7ee6d63a8d25b66e09e97989b"

[[baselines]]
profile = "macos"
scenario = "card destinations"
checkpoint = "captured pile"
sha256 = "cffaa97a6158801d8e58980f34cc061a764b5eefeceaf6229b7b6ba937df0bf4"
width = 1280
height = 720
size_bytes = 555294
source = "cc84665ad868e090f1ee1d0afb5a35ac81e7bb776e9954acd233b7cb76682aa2"

[[baselines]]
profile = "macos"
scenario = "card destinations"
checkpoint = "full trick"
sha256 = "8b07089b98d32aa2c3257b8820257de942e982e3a847360dbe193f18adf75c86"
width = 1280
height = 720
size_bytes = 567999
source = "cc84665ad868e090f1ee1d0afb5a35ac81e7bb776e9954acd233b7cb76682aa2"

[[baselines]]
profile = "macos"
scenario = "card destinations"
checkpoint = "inspection"
sha256 = "9581a465256778ee6ab4c06a15c965719c33620b7dda9ad332e372ad5a361cf4"
width = 1280
height = 720
size_bytes = 567225
source = "cc84665ad868e090f1ee1d0afb5a35ac81e7bb776e9954acd233b7cb76682aa2"

[[baselines]]
profile = "macos"
scenario = "card destinations"
checkpoint = "passed hand"
sha256 = "f07d17240c5d89bcd5cf1ca47b694ff74cbb37fd6e5fdea20208d70fd28d1ea6"
width = 1280
height = 720
size_bytes = 570574
source = "cc84665ad868e090f1ee1d0afb5a35ac81e7bb776e9954acd233b7cb76682aa2"

[[baselines]]
profile = "macos"
scenario = "card inspection"
checkpoint = "illegal selection"
sha256 = "173e3e5271da1599868497069b62f170788ddd599603cec09db8e84a95d423d0"
width = 1280
height = 720
size_bytes = 588743
source = "cc84665ad868e090f1ee1d0afb5a35ac81e7bb776e9954acd233b7cb76682aa2"

[[baselines]]
profile = "macos"
scenario = "card inspection"
checkpoint = "inspection"
sha256 = "10eaceff48d76b712c087ecc7eff6572a9160355b4bd4939b299e159d8214e7a"
width = 1280
height = 720
size_bytes = 387894
source = "671526cca99dc5bc95ca61c6d96bb171bb8097cd993660bc81964c4cbd198e89"

[[baselines]]
profile = "macos"
scenario = "contextual help and menus"
checkpoint = "larger card inspection"
sha256 = "a085695ea10ffcc059513b12de5124e1af5749f384677ed17abe109c140dfcb0"
width = 1280
height = 720
size_bytes = 365123
source = "671526cca99dc5bc95ca61c6d96bb171bb8097cd993660bc81964c4cbd198e89"

[[baselines]]
profile = "macos"
scenario = "contextual help and menus"
checkpoint = "larger rules"
sha256 = "19ceca45b8026420ab124d21eff88ab8e712fa9a278a0ac2b169184649306c3a"
width = 1280
height = 720
size_bytes = 401221
source = "cc84665ad868e090f1ee1d0afb5a35ac81e7bb776e9954acd233b7cb76682aa2"

[[baselines]]
profile = "macos"
scenario = "contextual help and menus"
checkpoint = "larger settings"
sha256 = "d65970c84fb803e0890c57e0259a36108b8ff1a249110a78c57b47ca4e4efd37"
width = 1280
height = 720
size_bytes = 405758
source = "cc84665ad868e090f1ee1d0afb5a35ac81e7bb776e9954acd233b7cb76682aa2"

[[baselines]]
profile = "macos"
scenario = "contextual help and menus"
checkpoint = "larger table and retained selection"
sha256 = "8b6e283d68bc65a27348e1c0a7b8462d8c731ebe6b5cc574097855af23f656d7"
width = 1280
height = 720
size_bytes = 558031
source = "cc84665ad868e090f1ee1d0afb5a35ac81e7bb776e9954acd233b7cb76682aa2"

[[baselines]]
profile = "macos"
scenario = "contextual help and menus"
checkpoint = "new game confirmation"
sha256 = "50555b67493c7b3ac599b11c9d337cbfd2663b2d434cfdbe1f73527794bba561"
width = 1280
height = 720
size_bytes = 368760
source = "cc84665ad868e090f1ee1d0afb5a35ac81e7bb776e9954acd233b7cb76682aa2"

[[baselines]]
profile = "macos"
scenario = "contextual help and menus"
checkpoint = "passing help"
sha256 = "475458ab2d7a55d47bec19c1367831b4c38acbb63cccb05999c3d3aacb2ac0f7"
width = 1280
height = 720
size_bytes = 432281
source = "e8c6c4db05d8d873c5e91d0216b51f44c6764c30d8edc1d4014a194a7e911a59"

[[baselines]]
profile = "macos"
scenario = "contextual help and menus"
checkpoint = "paused"
sha256 = "c191c65878cbb81a98cbc5f02016ab295818b3ef9e825830777487fb28974e70"
width = 1280
height = 720
size_bytes = 403624
source = "cc84665ad868e090f1ee1d0afb5a35ac81e7bb776e9954acd233b7cb76682aa2"

[[baselines]]
profile = "macos"
scenario = "contextual help and menus"
checkpoint = "playing help"
sha256 = "40279a74153fe2489446d563749404ae10c59d96cc6ddb8a6ebde57a79e8bb69"
width = 1280
height = 720
size_bytes = 385587
source = "e8c6c4db05d8d873c5e91d0216b51f44c6764c30d8edc1d4014a194a7e911a59"

[[baselines]]
profile = "macos"
scenario = "hand results and next deal"
checkpoint = "hand results"
sha256 = "f8ae3c5ba80db6bdb47c7a7b2ea6a612afbadd78bef765569b019a5fac7570f3"
width = 1280
height = 720
size_bytes = 209561
source = "cc84665ad868e090f1ee1d0afb5a35ac81e7bb776e9954acd233b7cb76682aa2"

[[baselines]]
profile = "macos"
scenario = "hand results and next deal"
checkpoint = "next hand"
sha256 = "76c1467edaf2d3fa919c2815b461bf3804be3168dc3bc946c7da4d661630051f"
width = 1280
height = 720
size_bytes = 600420
source = "cc84665ad868e090f1ee1d0afb5a35ac81e7bb776e9954acd233b7cb76682aa2"

[[baselines]]
profile = "macos"
scenario = "hold hand and hearts broken"
checkpoint = "broken hearts"
sha256 = "23fabfe19ca220f4e2a5430936d46d171542606810cca1cc179e3297da251e72"
width = 1280
height = 720
size_bytes = 588454
source = "cc84665ad868e090f1ee1d0afb5a35ac81e7bb776e9954acd233b7cb76682aa2"

[[baselines]]
profile = "macos"
scenario = "independent sound controls"
checkpoint = "muted"
sha256 = "130093811c84b7cba9c781f8bfcf7250428335718b272daa84ee69a9254339d1"
width = 1280
height = 720
size_bytes = 613651
source = "cc84665ad868e090f1ee1d0afb5a35ac81e7bb776e9954acd233b7cb76682aa2"

[[baselines]]
profile = "macos"
scenario = "independent sound controls"
checkpoint = "restored"
sha256 = "f6dcf279c014c41c4458b0609b5c962a4a51e4ce36f287213ab30039a8d7ed17"
width = 1280
height = 720
size_bytes = 613462
source = "cc84665ad868e090f1ee1d0afb5a35ac81e7bb776e9954acd233b7cb76682aa2"

[[baselines]]
profile = "macos"
scenario = "inspection focus and mixed input"
checkpoint = "mixed input played"
sha256 = "09a04004bb692cf24a461de9b88f76ba86fd5c1afdff4a1278a84e77606099a4"
width = 1280
height = 720
size_bytes = 582891
source = "cc84665ad868e090f1ee1d0afb5a35ac81e7bb776e9954acd233b7cb76682aa2"

[[baselines]]
profile = "macos"
scenario = "inspection focus and mixed input"
checkpoint = "modal focus"
sha256 = "10eaceff48d76b712c087ecc7eff6572a9160355b4bd4939b299e159d8214e7a"
width = 1280
height = 720
size_bytes = 387894
source = "671526cca99dc5bc95ca61c6d96bb171bb8097cd993660bc81964c4cbd198e89"

[[baselines]]
profile = "macos"
scenario = "inspection focus and mixed input"
checkpoint = "restored focus and selection"
sha256 = "f8c680ee709b27fc76cb1824bff633c9ac0f8ae6a41db400c397e4b9e43fbd5a"
width = 1280
height = 720
size_bytes = 588759
source = "cc84665ad868e090f1ee1d0afb5a35ac81e7bb776e9954acd233b7cb76682aa2"

[[baselines]]
profile = "macos"
scenario = "keyboard and controller pass and trick"
checkpoint = "focused"
sha256 = "3a4938636351a65855c0774fa14a377a0f979f9e771ef7a3d7765d9f3406dccc"
width = 1280
height = 720
size_bytes = 601304
source = "cc84665ad868e090f1ee1d0afb5a35ac81e7bb776e9954acd233b7cb76682aa2"

[[baselines]]
profile = "macos"
scenario = "keyboard and controller pass and trick"
checkpoint = "passed"
sha256 = "a036e4e939b99755a4e5dde4deb4fd16c84ac8270cf88993c4a12e2171d2f3ba"
width = 1280
height = 720
size_bytes = 588247
source = "cc84665ad868e090f1ee1d0afb5a35ac81e7bb776e9954acd233b7cb76682aa2"

[[baselines]]
profile = "macos"
scenario = "keyboard and controller pass and trick"
checkpoint = "selected"
sha256 = "d277270a752159c18fdc16d5305f02ecda2d5c666d50a6d60253bb296dcb5ce4"
width = 1280
height = 720
size_bytes = 601329
source = "cc84665ad868e090f1ee1d0afb5a35ac81e7bb776e9954acd233b7cb76682aa2"

[[baselines]]
profile = "macos"
scenario = "keyboard and controller pass and trick"
checkpoint = "three selected"
sha256 = "a81a3ec13f3aec2e535d228af171049d644d3b133610fd5e874d5477f2a69189"
width = 1280
height = 720
size_bytes = 626083
source = "cc84665ad868e090f1ee1d0afb5a35ac81e7bb776e9954acd233b7cb76682aa2"

[[baselines]]
profile = "macos"
scenario = "keyboard and controller pass and trick"
checkpoint = "trick and removal"
sha256 = "09a04004bb692cf24a461de9b88f76ba86fd5c1afdff4a1278a84e77606099a4"
width = 1280
height = 720
size_bytes = 582891
source = "cc84665ad868e090f1ee1d0afb5a35ac81e7bb776e9954acd233b7cb76682aa2"

[[baselines]]
profile = "macos"
scenario = "match winner and confirmed replacement"
checkpoint = "match results"
sha256 = "b3e37ff973c1c4e3e591bf541d446d5dee5f080f54a1733b225b5bf6bc598160"
width = 1280
height = 720
size_bytes = 215209
source = "cc84665ad868e090f1ee1d0afb5a35ac81e7bb776e9954acd233b7cb76682aa2"

[[baselines]]
profile = "macos"
scenario = "moon hand results"
checkpoint = "moon scoring"
sha256 = "ae0775902e2b01f3af8f88620742a5bf7c8d76e6b03cf88e3779b0c8eba464b0"
width = 1280
height = 720
size_bytes = 213262
source = "cc84665ad868e090f1ee1d0afb5a35ac81e7bb776e9954acd233b7cb76682aa2"

[[baselines]]
profile = "macos"
scenario = "new match"
checkpoint = "initial"
sha256 = "d26fa50ecadc5325c23ae3f97ccc90a49f540e6c73019d3bcb285468151f493e"
width = 1280
height = 720
size_bytes = 600439
source = "cc84665ad868e090f1ee1d0afb5a35ac81e7bb776e9954acd233b7cb76682aa2"

[[baselines]]
profile = "macos"
scenario = "owned card faces"
checkpoint = "deck"
sha256 = "fa3274758295a5a87624b7b132a38b21c7464dfa642639c03a807fc21e176330"
width = 1280
height = 720
size_bytes = 282114
source = "b4d592b72cf6641df5174f20e59880dd7565c49793452fac8a437a74d4ad6d98"

[[baselines]]
profile = "macos"
scenario = "passing controls"
checkpoint = "passed"
sha256 = "a036e4e939b99755a4e5dde4deb4fd16c84ac8270cf88993c4a12e2171d2f3ba"
width = 1280
height = 720
size_bytes = 588247
source = "cc84665ad868e090f1ee1d0afb5a35ac81e7bb776e9954acd233b7cb76682aa2"

[[baselines]]
profile = "macos"
scenario = "passing controls"
checkpoint = "three selected"
sha256 = "41286c93d997f5ec4632b50a52bb28ecab142e23b50442faa56af969d36b8dc4"
width = 1280
height = 720
size_bytes = 626653
source = "cc84665ad868e090f1ee1d0afb5a35ac81e7bb776e9954acd233b7cb76682aa2"

[[baselines]]
profile = "macos"
scenario = "pointer card input"
checkpoint = "played"
sha256 = "3b03ccce2571c3ba96909f6d3e0577481ce7816fceb4585a4db197f6c5081db9"
width = 1280
height = 720
size_bytes = 576366
source = "cc84665ad868e090f1ee1d0afb5a35ac81e7bb776e9954acd233b7cb76682aa2"

[[baselines]]
profile = "macos"
scenario = "pointer card input"
checkpoint = "selected"
sha256 = "47473859ec01f0350fcfacd6aa66f6256c6baad8e3a5e0b8867defc1b0ecb7e6"
width = 1280
height = 720
size_bytes = 584230
source = "cc84665ad868e090f1ee1d0afb5a35ac81e7bb776e9954acd233b7cb76682aa2"

[[baselines]]
profile = "macos"
scenario = "restore and reset"
checkpoint = "reset"
sha256 = "d1882617ad802216cd64071d2101dba98e926ecc2566327834deeda3fa160ea3"
width = 1280
height = 720
size_bytes = 600503
source = "cc84665ad868e090f1ee1d0afb5a35ac81e7bb776e9954acd233b7cb76682aa2"

[[baselines]]
profile = "macos"
scenario = "restore and reset"
checkpoint = "restored"
sha256 = "9fd8b788429ea8f110adf1161453825b67db8c36f16147b2de4c77ffe5b6947f"
width = 1280
height = 720
size_bytes = 574446
source = "cc84665ad868e090f1ee1d0afb5a35ac81e7bb776e9954acd233b7cb76682aa2"

[[baselines]]
profile = "macos"
scenario = "seeded particles"
checkpoint = "accent-finished"
sha256 = "1f201755d9dc979efa6513f753fa8abe0bf9a788ef46dd427be0eb2bc238a25f"
width = 1280
height = 720
size_bytes = 586376
source = "20b6a23c3873743ec0e1f972282f52356ba7e4e7ee6d63a8d25b66e09e97989b"

[[baselines]]
profile = "macos"
scenario = "seeded particles"
checkpoint = "accent-midpoint"
sha256 = "899814bc18bab619849af5cebfc8f213f349fd95d3171a3afae9a8599cac6ef4"
width = 1280
height = 720
size_bytes = 586550
source = "20b6a23c3873743ec0e1f972282f52356ba7e4e7ee6d63a8d25b66e09e97989b"

[[baselines]]
profile = "macos"
scenario = "seeded particles"
checkpoint = "alternate-seed"
sha256 = "4c0ae82734a8a82d5ba6be97297ef78d80be76d3d1ae85700e773b143cda7cb8"
width = 1280
height = 720
size_bytes = 586344
source = "20b6a23c3873743ec0e1f972282f52356ba7e4e7ee6d63a8d25b66e09e97989b"

[[baselines]]
profile = "macos"
scenario = "seeded particles"
checkpoint = "ambient"
sha256 = "5c1c39d0231fc128c5872ff0a1221940ddd1e24db3a638aef573a948f441578c"
width = 1280
height = 720
size_bytes = 586318
source = "20b6a23c3873743ec0e1f972282f52356ba7e4e7ee6d63a8d25b66e09e97989b"

[[baselines]]
profile = "macos"
scenario = "seeded particles"
checkpoint = "ambient-moving"
sha256 = "96ac459c875447ec94c38fcbaee8f7f5807ce847c7c345d0c3a706da5633e554"
width = 1280
height = 720
size_bytes = 586322
source = "20b6a23c3873743ec0e1f972282f52356ba7e4e7ee6d63a8d25b66e09e97989b"

[[baselines]]
profile = "macos"
scenario = "seeded particles"
checkpoint = "paused"
sha256 = "96ac459c875447ec94c38fcbaee8f7f5807ce847c7c345d0c3a706da5633e554"
width = 1280
height = 720
size_bytes = 586322
source = "20b6a23c3873743ec0e1f972282f52356ba7e4e7ee6d63a8d25b66e09e97989b"

[[baselines]]
profile = "macos"
scenario = "seeded particles"
checkpoint = "paused-later"
sha256 = "96ac459c875447ec94c38fcbaee8f7f5807ce847c7c345d0c3a706da5633e554"
width = 1280
height = 720
size_bytes = 586322
source = "20b6a23c3873743ec0e1f972282f52356ba7e4e7ee6d63a8d25b66e09e97989b"

[[baselines]]
profile = "macos"
scenario = "seeded particles"
checkpoint = "reduced"
sha256 = "d7b70a1c9147c065b6ca97fded94cc3768eca0e582fcec098f56f5bcc3ff6bb0"
width = 1280
height = 720
size_bytes = 585472
source = "20b6a23c3873743ec0e1f972282f52356ba7e4e7ee6d63a8d25b66e09e97989b"

[[baselines]]
profile = "macos"
scenario = "seeded particles"
checkpoint = "reduced-accent"
sha256 = "d7b70a1c9147c065b6ca97fded94cc3768eca0e582fcec098f56f5bcc3ff6bb0"
width = 1280
height = 720
size_bytes = 585472
source = "20b6a23c3873743ec0e1f972282f52356ba7e4e7ee6d63a8d25b66e09e97989b"

[[baselines]]
profile = "macos"
scenario = "seeded particles"
checkpoint = "remounted"
sha256 = "5c1c39d0231fc128c5872ff0a1221940ddd1e24db3a638aef573a948f441578c"
width = 1280
height = 720
size_bytes = 586318
source = "20b6a23c3873743ec0e1f972282f52356ba7e4e7ee6d63a8d25b66e09e97989b"

[[baselines]]
profile = "macos"
scenario = "seeded particles"
checkpoint = "removed"
sha256 = "aa07497427a7eaba831c95f341e21459e0571d5e61a6e10d13a47986bd06abe8"
width = 1280
height = 720
size_bytes = 586059
source = "20b6a23c3873743ec0e1f972282f52356ba7e4e7ee6d63a8d25b66e09e97989b"

[[baselines]]
profile = "macos"
scenario = "seeded particles"
checkpoint = "replaced"
sha256 = "5c1c39d0231fc128c5872ff0a1221940ddd1e24db3a638aef573a948f441578c"
width = 1280
height = 720
size_bytes = 586318
source = "20b6a23c3873743ec0e1f972282f52356ba7e4e7ee6d63a8d25b66e09e97989b"

[[baselines]]
profile = "macos"
scenario = "seeded particles"
checkpoint = "restored-motion"
sha256 = "5c1c39d0231fc128c5872ff0a1221940ddd1e24db3a638aef573a948f441578c"
width = 1280
height = 720
size_bytes = 586318
source = "20b6a23c3873743ec0e1f972282f52356ba7e4e7ee6d63a8d25b66e09e97989b"

[[baselines]]
profile = "macos"
scenario = "seeded particles"
checkpoint = "resumed"
sha256 = "1db2bc23b2cbd451e6b73e07df009b6a66a6cee8893751d39b509d1d98bc7d80"
width = 1280
height = 720
size_bytes = 586340
source = "20b6a23c3873743ec0e1f972282f52356ba7e4e7ee6d63a8d25b66e09e97989b"

[[baselines]]
profile = "macos"
scenario = "shared match winner"
checkpoint = "shared win"
sha256 = "76417e762c32b3cda9893928e9a2848b89327071d43bc834d0f4c16bc14cb7c3"
width = 1280
height = 720
size_bytes = 217250
source = "cc84665ad868e090f1ee1d0afb5a35ac81e7bb776e9954acd233b7cb76682aa2"

[[baselines]]
profile = "macos"
scenario = "touch drag cancellation"
checkpoint = "cancelled"
sha256 = "9c53815748eed0739ea911a5566ae01b07961014e2ef94e2ba603bd7f69e2ae2"
width = 1280
height = 720
size_bytes = 588228
source = "cc84665ad868e090f1ee1d0afb5a35ac81e7bb776e9954acd233b7cb76682aa2"

[[baselines]]
profile = "macos"
scenario = "touch drag cancellation"
checkpoint = "dragging"
sha256 = "8a7e8c7a435c9ffe88cbd9f26104a867eca023ff4791ab86ea88d6c1803386a8"
width = 1280
height = 720
size_bytes = 596409
source = "cc84665ad868e090f1ee1d0afb5a35ac81e7bb776e9954acd233b7cb76682aa2"

[[baselines]]
profile = "macos"
scenario = "touch drag cancellation"
checkpoint = "dropped"
sha256 = "3b03ccce2571c3ba96909f6d3e0577481ce7816fceb4585a4db197f6c5081db9"
width = 1280
height = 720
size_bytes = 576366
source = "cc84665ad868e090f1ee1d0afb5a35ac81e7bb776e9954acd233b7cb76682aa2"
