suite = "hearts"
namespace = "battlement/hearts"

[[baselines]]
profile = "macos"
scenario = "Hearts choreography"
checkpoint = "collect-end"
sha256 = "1e24eb4392fe078b60402a76928f1241df70df7a2e28de2a0365612cc86cccb3"
width = 1280
height = 720
size_bytes = 562778
source = "aa58f2908a1e698d83d7b5f518968389098721967fefecdca37ef78fe2358024"

[[baselines]]
profile = "macos"
scenario = "Hearts choreography"
checkpoint = "collect-midpoint"
sha256 = "ede7fb5f1c6d4ee3de75b1c7b3a65fa8a942c818fc158e04495c3733278c559c"
width = 1280
height = 720
size_bytes = 569789
source = "aa58f2908a1e698d83d7b5f518968389098721967fefecdca37ef78fe2358024"

[[baselines]]
profile = "macos"
scenario = "Hearts choreography"
checkpoint = "deal-end"
sha256 = "d41e179db97bd28936c4497cb7f60776b494ddcd24b2a4a3bb1b681d6e128c2b"
width = 1280
height = 720
size_bytes = 600629
source = "aa58f2908a1e698d83d7b5f518968389098721967fefecdca37ef78fe2358024"

[[baselines]]
profile = "macos"
scenario = "Hearts choreography"
checkpoint = "deal-midpoint"
sha256 = "65b0a1ed86025795b61337abd04c54941953bb93169f85246e1275fd30d67d65"
width = 1280
height = 720
size_bytes = 454526
source = "aa58f2908a1e698d83d7b5f518968389098721967fefecdca37ef78fe2358024"

[[baselines]]
profile = "macos"
scenario = "Hearts choreography"
checkpoint = "fourth-card-landing"
sha256 = "1e2bb063b10722cd0168521277dc1491d0840c8a9802e50f657c3d72d7473c46"
width = 1280
height = 720
size_bytes = 577689
source = "aa58f2908a1e698d83d7b5f518968389098721967fefecdca37ef78fe2358024"

[[baselines]]
profile = "macos"
scenario = "Hearts choreography"
checkpoint = "pass-end"
sha256 = "90fa6126fc3892d9b0ec2b87f9ea700aa7c9a9ba1763da18e5949739b6cc7c9e"
width = 1280
height = 720
size_bytes = 576359
source = "aa58f2908a1e698d83d7b5f518968389098721967fefecdca37ef78fe2358024"

[[baselines]]
profile = "macos"
scenario = "Hearts choreography"
checkpoint = "pass-midpoint"
sha256 = "ea3f8bf7b2d10a4645ea5b479eebc4400fbdef94fb9d50b6a51aefba93092e5f"
width = 1280
height = 720
size_bytes = 579733
source = "aa58f2908a1e698d83d7b5f518968389098721967fefecdca37ef78fe2358024"

[[baselines]]
profile = "macos"
scenario = "Hearts choreography"
checkpoint = "play-midpoint"
sha256 = "b94bd65772b28cf197fbd060168869584d3be3e89363f3d8237ff307cde9e0c7"
width = 1280
height = 720
size_bytes = 588293
source = "aa58f2908a1e698d83d7b5f518968389098721967fefecdca37ef78fe2358024"

[[baselines]]
profile = "macos"
scenario = "Hearts choreography"
checkpoint = "play-paused"
sha256 = "e31b3c85fdf3c5eb6b9e7677626d94d48f76db01e97eb2c5824d227b5a181bf8"
width = 1280
height = 720
size_bytes = 584207
source = "aa58f2908a1e698d83d7b5f518968389098721967fefecdca37ef78fe2358024"

[[baselines]]
profile = "macos"
scenario = "Hearts choreography"
checkpoint = "play-paused-later"
sha256 = "e31b3c85fdf3c5eb6b9e7677626d94d48f76db01e97eb2c5824d227b5a181bf8"
width = 1280
height = 720
size_bytes = 584207
source = "aa58f2908a1e698d83d7b5f518968389098721967fefecdca37ef78fe2358024"

[[baselines]]
profile = "macos"
scenario = "Hearts choreography"
checkpoint = "reduced-collected"
sha256 = "b98190f1fb2c33fc318f462848a5fb46024446fcbd58484d1ae9fa256e3b5c8c"
width = 1280
height = 720
size_bytes = 253343
source = "aa58f2908a1e698d83d7b5f518968389098721967fefecdca37ef78fe2358024"

[[baselines]]
profile = "macos"
scenario = "Hearts choreography"
checkpoint = "reduced-full-trick"
sha256 = "bce7e82640498d0487931c9897722baaf63a4c931c2ea180bad1da1e851409f0"
width = 1280
height = 720
size_bytes = 286238
source = "aa58f2908a1e698d83d7b5f518968389098721967fefecdca37ef78fe2358024"

[[baselines]]
profile = "macos"
scenario = "Hearts choreography"
checkpoint = "reduced-scored"
sha256 = "4ff466da80c467d5756e01c193131e91045884269e8ce231b6905ca9b3a5b454"
width = 1280
height = 720
size_bytes = 253554
source = "aa58f2908a1e698d83d7b5f518968389098721967fefecdca37ef78fe2358024"

[[baselines]]
profile = "macos"
scenario = "Hearts choreography"
checkpoint = "retarget-end"
sha256 = "7d89ff1637f76831a9082dcd8ef8e0de7d1d6e9599fb71f6ceab85a1951b056e"
width = 720
height = 1280
size_bytes = 213768
source = "f59c9b47394a964f89b5aec796a77a3f001b2ebd53101583d10a77aa50dd4edf"

[[baselines]]
profile = "macos"
scenario = "Hearts choreography"
checkpoint = "retarget-midpoint"
sha256 = "1888b5d83d5640f47cfe56bbe54ca76f321b20a2e8c86b424f38e6e5355fe98b"
width = 720
height = 1280
size_bytes = 337730
source = "aa58f2908a1e698d83d7b5f518968389098721967fefecdca37ef78fe2358024"

[[baselines]]
profile = "macos"
scenario = "Hearts choreography"
checkpoint = "trick-hold"
sha256 = "1e2bb063b10722cd0168521277dc1491d0840c8a9802e50f657c3d72d7473c46"
width = 1280
height = 720
size_bytes = 577689
source = "aa58f2908a1e698d83d7b5f518968389098721967fefecdca37ef78fe2358024"

[[baselines]]
profile = "macos"
scenario = "card destinations"
checkpoint = "captured pile"
sha256 = "e8400b15bbfeed1f6b96a8c21510f5dce1aa39d6448d1e6752bd6ad53f4ea578"
width = 1280
height = 720
size_bytes = 592355
source = "aa58f2908a1e698d83d7b5f518968389098721967fefecdca37ef78fe2358024"

[[baselines]]
profile = "macos"
scenario = "card destinations"
checkpoint = "full trick"
sha256 = "c577b749d077ed52da18573c8d75571372af23092587995ed71c40e65812c672"
width = 1280
height = 720
size_bytes = 607342
source = "aa58f2908a1e698d83d7b5f518968389098721967fefecdca37ef78fe2358024"

[[baselines]]
profile = "macos"
scenario = "card destinations"
checkpoint = "inspection"
sha256 = "d68d7599af177867b662663700c64f82489d05aca8b56bc745f42ccc1fdf07e8"
width = 1280
height = 720
size_bytes = 603878
source = "aa58f2908a1e698d83d7b5f518968389098721967fefecdca37ef78fe2358024"

[[baselines]]
profile = "macos"
scenario = "card destinations"
checkpoint = "passed hand"
sha256 = "187eacaf622d27d7fd3ed413ab221c591c604046c4d4fed1ce6e4cf55edb2f3a"
width = 1280
height = 720
size_bytes = 606932
source = "aa58f2908a1e698d83d7b5f518968389098721967fefecdca37ef78fe2358024"

[[baselines]]
profile = "macos"
scenario = "card inspection"
checkpoint = "illegal selection"
sha256 = "281fdf0d925c5597554d40c9359e3c7f7c93e3f4232a58fb732884186b58cbf9"
width = 1280
height = 720
size_bytes = 614176
source = "aa58f2908a1e698d83d7b5f518968389098721967fefecdca37ef78fe2358024"

[[baselines]]
profile = "macos"
scenario = "card inspection"
checkpoint = "inspection"
sha256 = "69d1eef73d878bd49483def7594b1277ed4d0af5e3204edfdd2d56dbb25330fa"
width = 1280
height = 720
size_bytes = 409708
source = "aa58f2908a1e698d83d7b5f518968389098721967fefecdca37ef78fe2358024"

[[baselines]]
profile = "macos"
scenario = "contextual help and menus"
checkpoint = "larger card inspection"
sha256 = "4b7a86ceea2f9a9910ab395fe72c7660187288b232e35065daffdb9b1b093968"
width = 1280
height = 720
size_bytes = 382243
source = "aa58f2908a1e698d83d7b5f518968389098721967fefecdca37ef78fe2358024"

[[baselines]]
profile = "macos"
scenario = "contextual help and menus"
checkpoint = "larger rules"
sha256 = "3a7e1b8a7961e0bc09abd2af7085faf5d81f3e4b133e9f1eafb1b0a2262a2b17"
width = 1280
height = 720
size_bytes = 417747
source = "aa58f2908a1e698d83d7b5f518968389098721967fefecdca37ef78fe2358024"

[[baselines]]
profile = "macos"
scenario = "contextual help and menus"
checkpoint = "larger settings"
sha256 = "56c6d894e4e4f1a27b827122efd7ae586e48cfeb692abd4da98c7efdae271e9f"
width = 1280
height = 720
size_bytes = 415942
source = "aa58f2908a1e698d83d7b5f518968389098721967fefecdca37ef78fe2358024"

[[baselines]]
profile = "macos"
scenario = "contextual help and menus"
checkpoint = "larger table and retained selection"
sha256 = "036389c3f8b4a0316eee443b26ad7ff472a4830da678ba02431ac6b9b64b8853"
width = 1280
height = 720
size_bytes = 582948
source = "aa58f2908a1e698d83d7b5f518968389098721967fefecdca37ef78fe2358024"

[[baselines]]
profile = "macos"
scenario = "contextual help and menus"
checkpoint = "new game confirmation"
sha256 = "cc0e05984b07e1aaa38e051c233d354adea1bda975092c9f37d3ef18ea615d84"
width = 1280
height = 720
size_bytes = 385240
source = "aa58f2908a1e698d83d7b5f518968389098721967fefecdca37ef78fe2358024"

[[baselines]]
profile = "macos"
scenario = "contextual help and menus"
checkpoint = "passing help"
sha256 = "7022818d556d867343c6059a3801ce1a0e11a3a38381ba9232d871bfd49e0940"
width = 1280
height = 720
size_bytes = 445659
source = "aa58f2908a1e698d83d7b5f518968389098721967fefecdca37ef78fe2358024"

[[baselines]]
profile = "macos"
scenario = "contextual help and menus"
checkpoint = "paused"
sha256 = "2d3b908f7db4b77b774398cdcd7e4944525d84feb50262a4f3657bf2dbdf7773"
width = 1280
height = 720
size_bytes = 415458
source = "aa58f2908a1e698d83d7b5f518968389098721967fefecdca37ef78fe2358024"

[[baselines]]
profile = "macos"
scenario = "contextual help and menus"
checkpoint = "playing help"
sha256 = "e3af0a96e8c98e57f4c6cfebaa7b472367c8f8a66c2a233c17872e909e499fcf"
width = 1280
height = 720
size_bytes = 401177
source = "aa58f2908a1e698d83d7b5f518968389098721967fefecdca37ef78fe2358024"

[[baselines]]
profile = "macos"
scenario = "durable recovery"
checkpoint = "save failed"
sha256 = "c95f7288ddb7d598e058bdafca20ee68349113c7c42455ed60fc37a87ad2d4ae"
width = 1280
height = 720
size_bytes = 581676
source = "aa58f2908a1e698d83d7b5f518968389098721967fefecdca37ef78fe2358024"

[[baselines]]
profile = "macos"
scenario = "durable recovery"
checkpoint = "unreadable save"
sha256 = "2c55abcfdbc7e6a08d01dd8aab4d91df3c28cd1ac10fd0e467c265067d816779"
width = 1280
height = 720
size_bytes = 57010
source = "256c7f5d637d3299b4215d61ba58f8da55dca4204f1b5073ab65b8e5323f9666"

[[baselines]]
profile = "macos"
scenario = "durable recovery"
checkpoint = "waiting for save"
sha256 = "7c50b343862c0183a755f75713abfec8dc457a99c76b5be933adabe4ab3e5a38"
width = 1280
height = 720
size_bytes = 332063
source = "aa58f2908a1e698d83d7b5f518968389098721967fefecdca37ef78fe2358024"

[[baselines]]
profile = "macos"
scenario = "hand results and next deal"
checkpoint = "hand results"
sha256 = "c335db3f8d0000a8b4379399f9a244441318bf3d451385f2aa2297f6d23411dd"
width = 1280
height = 720
size_bytes = 228623
source = "aa58f2908a1e698d83d7b5f518968389098721967fefecdca37ef78fe2358024"

[[baselines]]
profile = "macos"
scenario = "hand results and next deal"
checkpoint = "next hand"
sha256 = "00b58a8300da08093ed7a4803712461a0e22079148175b90293be9c0a03cd08c"
width = 1280
height = 720
size_bytes = 625589
source = "aa58f2908a1e698d83d7b5f518968389098721967fefecdca37ef78fe2358024"

[[baselines]]
profile = "macos"
scenario = "hold hand and hearts broken"
checkpoint = "broken hearts"
sha256 = "e7ca93acedcd7be113b854beb4196df814f5cf22def2c51b0ce9aba0e6ed37e2"
width = 1280
height = 720
size_bytes = 614023
source = "aa58f2908a1e698d83d7b5f518968389098721967fefecdca37ef78fe2358024"

[[baselines]]
profile = "macos"
scenario = "independent sound controls"
checkpoint = "muted"
sha256 = "54dcaeadb00b05e7552ead43f6a6d00c0baf42151f108d3720a39eb0530ba660"
width = 1280
height = 720
size_bytes = 638529
source = "aa58f2908a1e698d83d7b5f518968389098721967fefecdca37ef78fe2358024"

[[baselines]]
profile = "macos"
scenario = "independent sound controls"
checkpoint = "restored"
sha256 = "30a7a201dcdff0c4e13d245efe1ab335677a8bffe30621df020bfc8ddfb70020"
width = 1280
height = 720
size_bytes = 638369
source = "aa58f2908a1e698d83d7b5f518968389098721967fefecdca37ef78fe2358024"

[[baselines]]
profile = "macos"
scenario = "inspection focus and mixed input"
checkpoint = "mixed input played"
sha256 = "946f2cc53ad0c8c284c9a2131e9eb99cfbe6f038cf83afc66b4f6bf853b9fc7d"
width = 1280
height = 720
size_bytes = 602193
source = "aa58f2908a1e698d83d7b5f518968389098721967fefecdca37ef78fe2358024"

[[baselines]]
profile = "macos"
scenario = "inspection focus and mixed input"
checkpoint = "modal focus"
sha256 = "69d1eef73d878bd49483def7594b1277ed4d0af5e3204edfdd2d56dbb25330fa"
width = 1280
height = 720
size_bytes = 409708
source = "aa58f2908a1e698d83d7b5f518968389098721967fefecdca37ef78fe2358024"

[[baselines]]
profile = "macos"
scenario = "inspection focus and mixed input"
checkpoint = "restored focus and selection"
sha256 = "2b19ccb74c43f953ac23082c9c7c3455062362d1fd2257b295f05c74d130ff7e"
width = 1280
height = 720
size_bytes = 614185
source = "aa58f2908a1e698d83d7b5f518968389098721967fefecdca37ef78fe2358024"

[[baselines]]
profile = "macos"
scenario = "keyboard and controller pass and trick"
checkpoint = "focused"
sha256 = "adeda8470522fc94aa81bb6e37aec828c80e6f1d9573d05153666d00a4a80b80"
width = 1280
height = 720
size_bytes = 624838
source = "aa58f2908a1e698d83d7b5f518968389098721967fefecdca37ef78fe2358024"

[[baselines]]
profile = "macos"
scenario = "keyboard and controller pass and trick"
checkpoint = "passed"
sha256 = "d3eb599de0e97d29ffa005f232896ebb8e8e9d5ce42f9c3e62438a32888a5ca3"
width = 1280
height = 720
size_bytes = 614179
source = "aa58f2908a1e698d83d7b5f518968389098721967fefecdca37ef78fe2358024"

[[baselines]]
profile = "macos"
scenario = "keyboard and controller pass and trick"
checkpoint = "selected"
sha256 = "8a304052972ee0d3689da326e0173ed14b8e91cc3542aed3c0f67a850d905d14"
width = 1280
height = 720
size_bytes = 623846
source = "aa58f2908a1e698d83d7b5f518968389098721967fefecdca37ef78fe2358024"

[[baselines]]
profile = "macos"
scenario = "keyboard and controller pass and trick"
checkpoint = "three selected"
sha256 = "552a4894996ee3da4277a10f545ef3eb6404945ab13d6ed886c23d0ad792392b"
width = 1280
height = 720
size_bytes = 648412
source = "aa58f2908a1e698d83d7b5f518968389098721967fefecdca37ef78fe2358024"

[[baselines]]
profile = "macos"
scenario = "keyboard and controller pass and trick"
checkpoint = "trick and removal"
sha256 = "946f2cc53ad0c8c284c9a2131e9eb99cfbe6f038cf83afc66b4f6bf853b9fc7d"
width = 1280
height = 720
size_bytes = 602193
source = "aa58f2908a1e698d83d7b5f518968389098721967fefecdca37ef78fe2358024"

[[baselines]]
profile = "macos"
scenario = "match winner and confirmed replacement"
checkpoint = "match results"
sha256 = "cf151c12c7bd107b9ced63aac7f88d38ffd31ecb926f17746a7b24bcbea1599b"
width = 1280
height = 720
size_bytes = 238311
source = "aa58f2908a1e698d83d7b5f518968389098721967fefecdca37ef78fe2358024"

[[baselines]]
profile = "macos"
scenario = "moon hand results"
checkpoint = "moon scoring"
sha256 = "f33991d9d19c59d3cc40f94f6c0dce5e4784a3cba133bd939a988088c1edc2dd"
width = 1280
height = 720
size_bytes = 235916
source = "aa58f2908a1e698d83d7b5f518968389098721967fefecdca37ef78fe2358024"

[[baselines]]
profile = "macos"
scenario = "new match"
checkpoint = "initial"
sha256 = "b6f7987315aa68e0213217ba598ad210bfc056affb7c6ccfc5b5561ac510ca44"
width = 1280
height = 720
size_bytes = 632160
source = "aa58f2908a1e698d83d7b5f518968389098721967fefecdca37ef78fe2358024"

[[baselines]]
profile = "macos"
scenario = "owned card faces"
checkpoint = "deck"
sha256 = "fa3274758295a5a87624b7b132a38b21c7464dfa642639c03a807fc21e176330"
width = 1280
height = 720
size_bytes = 282114
source = "b4d592b72cf6641df5174f20e59880dd7565c49793452fac8a437a74d4ad6d98"

[[baselines]]
profile = "macos"
scenario = "passing controls"
checkpoint = "passed"
sha256 = "d3eb599de0e97d29ffa005f232896ebb8e8e9d5ce42f9c3e62438a32888a5ca3"
width = 1280
height = 720
size_bytes = 614179
source = "aa58f2908a1e698d83d7b5f518968389098721967fefecdca37ef78fe2358024"

[[baselines]]
profile = "macos"
scenario = "passing controls"
checkpoint = "three selected"
sha256 = "6aebbed1143a5472cdcda5468961fc9b818c35ecc49a340725a3cc392f5e8ca9"
width = 1280
height = 720
size_bytes = 648450
source = "aa58f2908a1e698d83d7b5f518968389098721967fefecdca37ef78fe2358024"

[[baselines]]
profile = "macos"
scenario = "phone controller reveal"
checkpoint = "last card focus"
sha256 = "7d70a118e21be07ebfc5034810d64ceb0d31d4b9bf08ac1c3b5f7b08c9734a8e"
width = 390
height = 844
size_bytes = 156349
source = "f59c9b47394a964f89b5aec796a77a3f001b2ebd53101583d10a77aa50dd4edf"

[[baselines]]
profile = "macos"
scenario = "phone upward drag and cancel"
checkpoint = "played through upward drag"
sha256 = "ee8a965d296efa10b9a8540946d0ed801d6f050ce13858e5dcf63265b8e35683"
width = 390
height = 844
size_bytes = 163346
source = "19beface693d82ae2a4002f69c661d8c8491149cec21460a9cd691987e654ef4"

[[baselines]]
profile = "macos"
scenario = "phone upward drag and cancel"
checkpoint = "portrait inspection"
sha256 = "be136aaa801ef3ffea51830364890ee0e2d77d1ee57cbaf6453f1394cc29adf8"
width = 390
height = 844
size_bytes = 115138
source = "f59c9b47394a964f89b5aec796a77a3f001b2ebd53101583d10a77aa50dd4edf"

[[baselines]]
profile = "macos"
scenario = "phone upward drag and cancel"
checkpoint = "upward drag"
sha256 = "5c328f3828044f8353eac4aee21e0518682445279e4b4c363ad5f8c031791933"
width = 390
height = 844
size_bytes = 144563
source = "f59c9b47394a964f89b5aec796a77a3f001b2ebd53101583d10a77aa50dd4edf"

[[baselines]]
profile = "macos"
scenario = "phone viewport and gestures"
checkpoint = "landscape"
sha256 = "2049feb281a5f39836a3e137504ee508d4db7bdc9d3adca0e746cddff612c83d"
width = 1280
height = 720
size_bytes = 641244
source = "aa58f2908a1e698d83d7b5f518968389098721967fefecdca37ef78fe2358024"

[[baselines]]
profile = "macos"
scenario = "phone viewport and gestures"
checkpoint = "large phone"
sha256 = "6a2c3b2b31c9142e2a3dce58e71202a87a78609e3ee472cc34ea070cb61e3ef5"
width = 390
height = 844
size_bytes = 160556
source = "f59c9b47394a964f89b5aec796a77a3f001b2ebd53101583d10a77aa50dd4edf"

[[baselines]]
profile = "macos"
scenario = "phone viewport and gestures"
checkpoint = "large settings"
sha256 = "411e073cd691d9fd018ece0d87cbde366a51f5f59ee9a72bbb60109db7dd5c56"
width = 390
height = 844
size_bytes = 102208
source = "19beface693d82ae2a4002f69c661d8c8491149cec21460a9cd691987e654ef4"

[[baselines]]
profile = "macos"
scenario = "phone viewport and gestures"
checkpoint = "panned"
sha256 = "6958d886c22e1294f2750eccf5a911ed2e45fe2453f0963cb1a450a797132000"
width = 390
height = 844
size_bytes = 153918
source = "f59c9b47394a964f89b5aec796a77a3f001b2ebd53101583d10a77aa50dd4edf"

[[baselines]]
profile = "macos"
scenario = "phone viewport and gestures"
checkpoint = "phone safe area"
sha256 = "57f2e26ce5e96aace19dd70ea850e738c7c896dbb8a9d9464f47ed99f7ef7389"
width = 390
height = 844
size_bytes = 150897
source = "f59c9b47394a964f89b5aec796a77a3f001b2ebd53101583d10a77aa50dd4edf"

[[baselines]]
profile = "macos"
scenario = "pointer card input"
checkpoint = "played"
sha256 = "f809f432a8c58b4b7d2323f27f89fdbdb225e61d3a3d801105e3ba1284263473"
width = 1280
height = 720
size_bytes = 596984
source = "aa58f2908a1e698d83d7b5f518968389098721967fefecdca37ef78fe2358024"

[[baselines]]
profile = "macos"
scenario = "pointer card input"
checkpoint = "selected"
sha256 = "24c9f39f1e6c401116243ce6b6509368f58072865fba2cefc715d964a84ea949"
width = 1280
height = 720
size_bytes = 607658
source = "aa58f2908a1e698d83d7b5f518968389098721967fefecdca37ef78fe2358024"

[[baselines]]
profile = "macos"
scenario = "restore and reset"
checkpoint = "reset"
sha256 = "16f94a0403fedc81779063f22960e3e490be8f9ea73572d2b78876b51a8a5a8a"
width = 1280
height = 720
size_bytes = 632206
source = "aa58f2908a1e698d83d7b5f518968389098721967fefecdca37ef78fe2358024"

[[baselines]]
profile = "macos"
scenario = "restore and reset"
checkpoint = "restored"
sha256 = "600c7aa53467de508b8deab3b0c0f0dbc4653d176706c3b87b0a799214035efc"
width = 1280
height = 720
size_bytes = 606529
source = "aa58f2908a1e698d83d7b5f518968389098721967fefecdca37ef78fe2358024"

[[baselines]]
profile = "macos"
scenario = "restored default viewport"
checkpoint = "default"
sha256 = "9c816b3c232e2edf91e6bbdb1b16e3397006adee1a47ae72418cf159e5b3fd2b"
width = 1280
height = 720
size_bytes = 638431
source = "aa58f2908a1e698d83d7b5f518968389098721967fefecdca37ef78fe2358024"

[[baselines]]
profile = "macos"
scenario = "rotation through pass and play"
checkpoint = "passing after rotation"
sha256 = "9981849d94b638a938fc27340838006dbfdb25463eb657960fc591ba32e7bd7d"
width = 1280
height = 720
size_bytes = 372551
source = "aa58f2908a1e698d83d7b5f518968389098721967fefecdca37ef78fe2358024"

[[baselines]]
profile = "macos"
scenario = "rotation through pass and play"
checkpoint = "passing before rotation"
sha256 = "2042da6878a1d44c3882406e525494127a44d42e7c72ab319f4a1aaad74f96c6"
width = 390
height = 844
size_bytes = 199298
source = "f59c9b47394a964f89b5aec796a77a3f001b2ebd53101583d10a77aa50dd4edf"

[[baselines]]
profile = "macos"
scenario = "rotation through pass and play"
checkpoint = "playing after rotation"
sha256 = "8c2c6f83598e37c85107bd78afeee9be37eee1d466ca029fea8b12571eeedae9"
width = 1280
height = 720
size_bytes = 323216
source = "aa58f2908a1e698d83d7b5f518968389098721967fefecdca37ef78fe2358024"

[[baselines]]
profile = "macos"
scenario = "rotation through pass and play"
checkpoint = "playing before rotation"
sha256 = "dac796c581757bb73f01682d629a610b7a71ba568307d68b4bbe2bc652d9e9ac"
width = 390
height = 844
size_bytes = 144934
source = "f59c9b47394a964f89b5aec796a77a3f001b2ebd53101583d10a77aa50dd4edf"

[[baselines]]
profile = "macos"
scenario = "seeded particles"
checkpoint = "accent-finished"
sha256 = "28c6e1c33384e32230aa4ec39fe1d95085105f31ba2ea47f6dedd79faff8d8b7"
width = 1280
height = 720
size_bytes = 606612
source = "aa58f2908a1e698d83d7b5f518968389098721967fefecdca37ef78fe2358024"

[[baselines]]
profile = "macos"
scenario = "seeded particles"
checkpoint = "accent-midpoint"
sha256 = "57e08fa719c9ec540f8c5947ca4779aac1ba41535937f8706fc781895aef1adb"
width = 1280
height = 720
size_bytes = 606835
source = "aa58f2908a1e698d83d7b5f518968389098721967fefecdca37ef78fe2358024"

[[baselines]]
profile = "macos"
scenario = "seeded particles"
checkpoint = "alternate-seed"
sha256 = "cd729b35d20aa05facdfd6dc63e89098812a79798a2c62f5708cd2e76c2fa0fe"
width = 1280
height = 720
size_bytes = 606586
source = "aa58f2908a1e698d83d7b5f518968389098721967fefecdca37ef78fe2358024"

[[baselines]]
profile = "macos"
scenario = "seeded particles"
checkpoint = "ambient"
sha256 = "8fa230ee658e298e04344df1cefe0b101c53a82147f633c81f04979a9ecc53dc"
width = 1280
height = 720
size_bytes = 606707
source = "aa58f2908a1e698d83d7b5f518968389098721967fefecdca37ef78fe2358024"

[[baselines]]
profile = "macos"
scenario = "seeded particles"
checkpoint = "ambient-moving"
sha256 = "286a9a16cceed79b7ee91f973d881e322d20d2c936e72f410bae3427cbfd23d7"
width = 1280
height = 720
size_bytes = 606658
source = "aa58f2908a1e698d83d7b5f518968389098721967fefecdca37ef78fe2358024"

[[baselines]]
profile = "macos"
scenario = "seeded particles"
checkpoint = "paused"
sha256 = "286a9a16cceed79b7ee91f973d881e322d20d2c936e72f410bae3427cbfd23d7"
width = 1280
height = 720
size_bytes = 606658
source = "aa58f2908a1e698d83d7b5f518968389098721967fefecdca37ef78fe2358024"

[[baselines]]
profile = "macos"
scenario = "seeded particles"
checkpoint = "paused-later"
sha256 = "286a9a16cceed79b7ee91f973d881e322d20d2c936e72f410bae3427cbfd23d7"
width = 1280
height = 720
size_bytes = 606658
source = "aa58f2908a1e698d83d7b5f518968389098721967fefecdca37ef78fe2358024"

[[baselines]]
profile = "macos"
scenario = "seeded particles"
checkpoint = "reduced"
sha256 = "347f1459e38a7bfa4b2bf09b338fd260a7c21b591ee5d9abd2bed95550e8b93a"
width = 1280
height = 720
size_bytes = 605636
source = "aa58f2908a1e698d83d7b5f518968389098721967fefecdca37ef78fe2358024"

[[baselines]]
profile = "macos"
scenario = "seeded particles"
checkpoint = "reduced-accent"
sha256 = "347f1459e38a7bfa4b2bf09b338fd260a7c21b591ee5d9abd2bed95550e8b93a"
width = 1280
height = 720
size_bytes = 605636
source = "aa58f2908a1e698d83d7b5f518968389098721967fefecdca37ef78fe2358024"

[[baselines]]
profile = "macos"
scenario = "seeded particles"
checkpoint = "remounted"
sha256 = "8fa230ee658e298e04344df1cefe0b101c53a82147f633c81f04979a9ecc53dc"
width = 1280
height = 720
size_bytes = 606707
source = "aa58f2908a1e698d83d7b5f518968389098721967fefecdca37ef78fe2358024"

[[baselines]]
profile = "macos"
scenario = "seeded particles"
checkpoint = "removed"
sha256 = "0b7142378bfceebe759547ab4287398285d97d1ca3c29cea0a937325b03c463f"
width = 1280
height = 720
size_bytes = 606011
source = "aa58f2908a1e698d83d7b5f518968389098721967fefecdca37ef78fe2358024"

[[baselines]]
profile = "macos"
scenario = "seeded particles"
checkpoint = "replaced"
sha256 = "8fa230ee658e298e04344df1cefe0b101c53a82147f633c81f04979a9ecc53dc"
width = 1280
height = 720
size_bytes = 606707
source = "aa58f2908a1e698d83d7b5f518968389098721967fefecdca37ef78fe2358024"

[[baselines]]
profile = "macos"
scenario = "seeded particles"
checkpoint = "restored-motion"
sha256 = "8fa230ee658e298e04344df1cefe0b101c53a82147f633c81f04979a9ecc53dc"
width = 1280
height = 720
size_bytes = 606707
source = "aa58f2908a1e698d83d7b5f518968389098721967fefecdca37ef78fe2358024"

[[baselines]]
profile = "macos"
scenario = "seeded particles"
checkpoint = "resumed"
sha256 = "983b12895b190d262b513b4ef5ca448a1503828051aca370d3d33021345c50fd"
width = 1280
height = 720
size_bytes = 606609
source = "aa58f2908a1e698d83d7b5f518968389098721967fefecdca37ef78fe2358024"

[[baselines]]
profile = "macos"
scenario = "shared match winner"
checkpoint = "shared win"
sha256 = "c3dc97f723c3553cc162287bea61615de48f7ef0327f2a3dc8ea08814296b31d"
width = 1280
height = 720
size_bytes = 240365
source = "aa58f2908a1e698d83d7b5f518968389098721967fefecdca37ef78fe2358024"

[[baselines]]
profile = "macos"
scenario = "touch drag cancellation"
checkpoint = "cancelled"
sha256 = "89d56dc2d4d81847fafaf34f6375ebe3c02f80a6297413a39eeaa789e76e0df0"
width = 1280
height = 720
size_bytes = 614192
source = "aa58f2908a1e698d83d7b5f518968389098721967fefecdca37ef78fe2358024"

[[baselines]]
profile = "macos"
scenario = "touch drag cancellation"
checkpoint = "dragging"
sha256 = "a41e7a3a11c46d61b7c3deafc3b7ca2abbe53c02620c290589ecdc56f7a647ff"
width = 1280
height = 720
size_bytes = 623058
source = "aa58f2908a1e698d83d7b5f518968389098721967fefecdca37ef78fe2358024"

[[baselines]]
profile = "macos"
scenario = "touch drag cancellation"
checkpoint = "dropped"
sha256 = "f809f432a8c58b4b7d2323f27f89fdbdb225e61d3a3d801105e3ba1284263473"
width = 1280
height = 720
size_bytes = 596984
source = "aa58f2908a1e698d83d7b5f518968389098721967fefecdca37ef78fe2358024"
