suite = "ui"
namespace = "battlement/ui"

[[baselines]]
profile = "macos"
scenario = "appearance round trip"
checkpoint = "changed"
sha256 = "cd4dffca59fc11254203f0191dc44b858347eee398c01d643cde5dca36ce2133"
width = 1280
height = 720
size_bytes = 138670
source = "e9a72676d2778325d8201e60ceb3ade01c281c152883ed7fa415fe424a792ddc"

[[baselines]]
profile = "macos"
scenario = "appearance round trip"
checkpoint = "initial"
sha256 = "3543cf7593467de96f9222589bf4d874b02be6cb06e8ae510cc2dbac20f647ce"
width = 1280
height = 720
size_bytes = 137370
source = "d5e1db472d1eab4c0ac72c51719c20823c487e9c3a18178ee82406c8bf0aa25e"

[[baselines]]
profile = "macos"
scenario = "appearance round trip"
checkpoint = "restored"
sha256 = "3543cf7593467de96f9222589bf4d874b02be6cb06e8ae510cc2dbac20f647ce"
width = 1280
height = 720
size_bytes = 137370
source = "e9a72676d2778325d8201e60ceb3ade01c281c152883ed7fa415fe424a792ddc"

[[baselines]]
profile = "macos"
scenario = "asset source round trip"
checkpoint = "changed"
sha256 = "af957a0aa60608a63d89bf026111f53990096115c6424be9c476a7fcfa939dfa"
width = 1280
height = 720
size_bytes = 139882
source = "e9a72676d2778325d8201e60ceb3ade01c281c152883ed7fa415fe424a792ddc"

[[baselines]]
profile = "macos"
scenario = "asset source round trip"
checkpoint = "initial"
sha256 = "96c34a08087a63fb022b4fa96700f1196a9db1f606593ca0a0ac32ccba4140a1"
width = 1280
height = 720
size_bytes = 139922
source = "d5e1db472d1eab4c0ac72c51719c20823c487e9c3a18178ee82406c8bf0aa25e"

[[baselines]]
profile = "macos"
scenario = "asset source round trip"
checkpoint = "restored"
sha256 = "96c34a08087a63fb022b4fa96700f1196a9db1f606593ca0a0ac32ccba4140a1"
width = 1280
height = 720
size_bytes = 139922
source = "e9a72676d2778325d8201e60ceb3ade01c281c152883ed7fa415fe424a792ddc"

[[baselines]]
profile = "macos"
scenario = "background round trip"
checkpoint = "changed"
sha256 = "fa82ee3425917a8795cb56bfa4e78411a53a3edb52ba6794918940e52618af98"
width = 1280
height = 720
size_bytes = 143294
source = "e9a72676d2778325d8201e60ceb3ade01c281c152883ed7fa415fe424a792ddc"

[[baselines]]
profile = "macos"
scenario = "background round trip"
checkpoint = "initial"
sha256 = "13b83e22f9843c73bb602ce01ea3c0151d49cb7afddecef9be7bc47669f714fe"
width = 1280
height = 720
size_bytes = 141890
source = "d5e1db472d1eab4c0ac72c51719c20823c487e9c3a18178ee82406c8bf0aa25e"

[[baselines]]
profile = "macos"
scenario = "background round trip"
checkpoint = "restored"
sha256 = "13b83e22f9843c73bb602ce01ea3c0151d49cb7afddecef9be7bc47669f714fe"
width = 1280
height = 720
size_bytes = 141890
source = "e9a72676d2778325d8201e60ceb3ade01c281c152883ed7fa415fe424a792ddc"

[[baselines]]
profile = "macos"
scenario = "complex parts"
checkpoint = "changed"
sha256 = "e7f5d1583e14bbd4971934211e05a2fe875f1557f4b0082fbb5de30fa2c1df0c"
width = 1280
height = 720
size_bytes = 193927
source = "25ee65d7eec4da0d9440a66bc4b44137e5b6977d73237a03871da13ba0ded91d"

[[baselines]]
profile = "macos"
scenario = "complex parts"
checkpoint = "initial"
sha256 = "d5bc90f8e9f51104b2aea8b55b77562af3f1b02638232cfd2cf7e94951ac2772"
width = 1280
height = 720
size_bytes = 190662
source = "25ee65d7eec4da0d9440a66bc4b44137e5b6977d73237a03871da13ba0ded91d"

[[baselines]]
profile = "macos"
scenario = "complex parts"
checkpoint = "restored"
sha256 = "d5bc90f8e9f51104b2aea8b55b77562af3f1b02638232cfd2cf7e94951ac2772"
width = 1280
height = 720
size_bytes = 190662
source = "25ee65d7eec4da0d9440a66bc4b44137e5b6977d73237a03871da13ba0ded91d"

[[baselines]]
profile = "macos"
scenario = "components foundation"
checkpoint = "initial"
sha256 = "e5f60ea55744dbd1fa0883dfa7abdb884fdf15eb5621d1894261bd590b192f91"
width = 1280
height = 720
size_bytes = 113117
source = "d5e1db472d1eab4c0ac72c51719c20823c487e9c3a18178ee82406c8bf0aa25e"

[[baselines]]
profile = "macos"
scenario = "hierarchy round trip"
checkpoint = "changed"
sha256 = "429e554747fe6abc5b26929adc7e54cd65930c6d1644f95b88171b52eb7d9681"
width = 1280
height = 720
size_bytes = 107718
source = "e9a72676d2778325d8201e60ceb3ade01c281c152883ed7fa415fe424a792ddc"

[[baselines]]
profile = "macos"
scenario = "hierarchy round trip"
checkpoint = "initial"
sha256 = "986fec5273cab4ad6c4c72ce1123f4958dd63ccef8e9709350eb28309dfacbfc"
width = 1280
height = 720
size_bytes = 109716
source = "d5e1db472d1eab4c0ac72c51719c20823c487e9c3a18178ee82406c8bf0aa25e"

[[baselines]]
profile = "macos"
scenario = "hierarchy round trip"
checkpoint = "restored"
sha256 = "986fec5273cab4ad6c4c72ce1123f4958dd63ccef8e9709350eb28309dfacbfc"
width = 1280
height = 720
size_bytes = 109716
source = "e9a72676d2778325d8201e60ceb3ade01c281c152883ed7fa415fe424a792ddc"

[[baselines]]
profile = "macos"
scenario = "interactions round trip"
checkpoint = "changed"
sha256 = "6237cbd1aaeca131d7d85703dfdd79c5f230dfaeb562576017ec50616a9866a4"
width = 1280
height = 720
size_bytes = 113727
source = "e9a72676d2778325d8201e60ceb3ade01c281c152883ed7fa415fe424a792ddc"

[[baselines]]
profile = "macos"
scenario = "interactions round trip"
checkpoint = "initial"
sha256 = "fbe0f8b57b35201b2e781dc924a650dc6cc02553f6f286fcf551127e868a83e5"
width = 1280
height = 720
size_bytes = 115491
source = "d5e1db472d1eab4c0ac72c51719c20823c487e9c3a18178ee82406c8bf0aa25e"

[[baselines]]
profile = "macos"
scenario = "interactions round trip"
checkpoint = "restored"
sha256 = "fbe0f8b57b35201b2e781dc924a650dc6cc02553f6f286fcf551127e868a83e5"
width = 1280
height = 720
size_bytes = 115491
source = "e9a72676d2778325d8201e60ceb3ade01c281c152883ed7fa415fe424a792ddc"

[[baselines]]
profile = "macos"
scenario = "layout round trip"
checkpoint = "changed"
sha256 = "af96b625025bc893e4b38ecd7014f7a995cd72cbe9722942f98168bb4998f781"
width = 1280
height = 720
size_bytes = 105313
source = "e9a72676d2778325d8201e60ceb3ade01c281c152883ed7fa415fe424a792ddc"

[[baselines]]
profile = "macos"
scenario = "layout round trip"
checkpoint = "initial"
sha256 = "fa82bbed3be6894630a8bfa88976fcfe48c2a0444f1cb3598000cb3fd0a5d45b"
width = 1280
height = 720
size_bytes = 107672
source = "d5e1db472d1eab4c0ac72c51719c20823c487e9c3a18178ee82406c8bf0aa25e"

[[baselines]]
profile = "macos"
scenario = "layout round trip"
checkpoint = "restored"
sha256 = "fa82bbed3be6894630a8bfa88976fcfe48c2a0444f1cb3598000cb3fd0a5d45b"
width = 1280
height = 720
size_bytes = 107672
source = "e9a72676d2778325d8201e60ceb3ade01c281c152883ed7fa415fe424a792ddc"

[[baselines]]
profile = "macos"
scenario = "native parts"
checkpoint = "initial"
sha256 = "a8fd84faac18f01f09adc4ec2b4ddf290c99af139560d67adaa40ef0089ac8fe"
width = 1280
height = 720
size_bytes = 214536
source = "2373dab98bc508e9aa8f4489439ebafa5cdc8b38ebe081b65d9b2deef1638ab7"

[[baselines]]
profile = "macos"
scenario = "typography foundation"
checkpoint = "initial"
sha256 = "757b4239d56a2573015e0b481c34addc745dfd408108ca20c3ee1cda61de358e"
width = 1280
height = 720
size_bytes = 161878
source = "acb7875602b885caa99682e525c23fe3f4ddf824e6c92dc7ca080927f942905e"
