suite = "ui"
namespace = "battlement/ui"

[[baselines]]
profile = "macos"
scenario = "actions and authority"
checkpoint = "accepted"
sha256 = "7e7e86c8eef19631afa95a3de042ae578fd22c2b6082a954e87fdbe3737f2592"
width = 1280
height = 720
size_bytes = 225837
source = "3e2d5f2639f6dba4d225868dac1396666b187c8067eff7297b3f8d907fad74be"

[[baselines]]
profile = "macos"
scenario = "actions and authority"
checkpoint = "cleaned"
sha256 = "6b48eb5cbd89881fe8a4209ae48dc0478e5399e922c5c709d3a755831ec37c71"
width = 1280
height = 720
size_bytes = 226527
source = "3e2d5f2639f6dba4d225868dac1396666b187c8067eff7297b3f8d907fad74be"

[[baselines]]
profile = "macos"
scenario = "actions and authority"
checkpoint = "draft-cleaned"
sha256 = "3169f5b1e3f0c55eee268f5f19ba814b62426623e302eb529d0022f8d923ce78"
width = 1280
height = 720
size_bytes = 224765
source = "7c41deca0a7e4d5f06e1b4f02a8500486ef9ec48e7b29d69098e09cb7cf4674c"

[[baselines]]
profile = "macos"
scenario = "actions and authority"
checkpoint = "initial"
sha256 = "e2d4c4881187aaf2315dbbc15907474e4153d01a30f695277afc790a6ca213df"
width = 1280
height = 720
size_bytes = 224768
source = "3e2d5f2639f6dba4d225868dac1396666b187c8067eff7297b3f8d907fad74be"

[[baselines]]
profile = "macos"
scenario = "actions and authority"
checkpoint = "ran"
sha256 = "76d5dcc783cdae692d45553bec3d43fc5a7ebf254c6bc946197f5ec3ec37aef5"
width = 1280
height = 720
size_bytes = 226015
source = "3e2d5f2639f6dba4d225868dac1396666b187c8067eff7297b3f8d907fad74be"

[[baselines]]
profile = "macos"
scenario = "actions and authority"
checkpoint = "rejected"
sha256 = "71e9f5b9bcfd4ed74f65f1432a2f8e9e78494f6505811499d88786a981ac3285"
width = 1280
height = 720
size_bytes = 225269
source = "7c41deca0a7e4d5f06e1b4f02a8500486ef9ec48e7b29d69098e09cb7cf4674c"

[[baselines]]
profile = "macos"
scenario = "actions and authority"
checkpoint = "reset"
sha256 = "9d700a0ee3f0864eeaddcbd20dc408967f2dcdd40ccf48a51fe1b67cf764c76d"
width = 1280
height = 720
size_bytes = 226114
source = "3e2d5f2639f6dba4d225868dac1396666b187c8067eff7297b3f8d907fad74be"

[[baselines]]
profile = "macos"
scenario = "appearance round trip"
checkpoint = "changed"
sha256 = "338c8cb58ed888d7c62085828f3b2646d2d68c90b70109c15eb10e3fef9bcb80"
width = 1280
height = 720
size_bytes = 138691
source = "d5e1db472d1eab4c0ac72c51719c20823c487e9c3a18178ee82406c8bf0aa25e"

[[baselines]]
profile = "macos"
scenario = "appearance round trip"
checkpoint = "initial"
sha256 = "3543cf7593467de96f9222589bf4d874b02be6cb06e8ae510cc2dbac20f647ce"
width = 1280
height = 720
size_bytes = 137370
source = "d5e1db472d1eab4c0ac72c51719c20823c487e9c3a18178ee82406c8bf0aa25e"

[[baselines]]
profile = "macos"
scenario = "appearance round trip"
checkpoint = "restored"
sha256 = "bda3459c8a67078f348a7eda9936de706dd87988e82160603eaa28ca7d692c3b"
width = 1280
height = 720
size_bytes = 137387
source = "d5e1db472d1eab4c0ac72c51719c20823c487e9c3a18178ee82406c8bf0aa25e"

[[baselines]]
profile = "macos"
scenario = "asset source round trip"
checkpoint = "changed"
sha256 = "0d5a5979efb36c4799e2f1ebf914139898120008b8c8b1cec9da794988c2a7fb"
width = 1280
height = 720
size_bytes = 139879
source = "d5e1db472d1eab4c0ac72c51719c20823c487e9c3a18178ee82406c8bf0aa25e"

[[baselines]]
profile = "macos"
scenario = "asset source round trip"
checkpoint = "initial"
sha256 = "96c34a08087a63fb022b4fa96700f1196a9db1f606593ca0a0ac32ccba4140a1"
width = 1280
height = 720
size_bytes = 139922
source = "d5e1db472d1eab4c0ac72c51719c20823c487e9c3a18178ee82406c8bf0aa25e"

[[baselines]]
profile = "macos"
scenario = "asset source round trip"
checkpoint = "restored"
sha256 = "74a8f6adf06463821c1ebbc6e6575b49b91b6b3087aba267574e32af734eab80"
width = 1280
height = 720
size_bytes = 139903
source = "d5e1db472d1eab4c0ac72c51719c20823c487e9c3a18178ee82406c8bf0aa25e"

[[baselines]]
profile = "macos"
scenario = "background round trip"
checkpoint = "changed"
sha256 = "853a07463ba7e7dc8bb800a9d99affa54263058f2189a86389361301e3a6d3a8"
width = 1280
height = 720
size_bytes = 143313
source = "d5e1db472d1eab4c0ac72c51719c20823c487e9c3a18178ee82406c8bf0aa25e"

[[baselines]]
profile = "macos"
scenario = "background round trip"
checkpoint = "initial"
sha256 = "13b83e22f9843c73bb602ce01ea3c0151d49cb7afddecef9be7bc47669f714fe"
width = 1280
height = 720
size_bytes = 141890
source = "d5e1db472d1eab4c0ac72c51719c20823c487e9c3a18178ee82406c8bf0aa25e"

[[baselines]]
profile = "macos"
scenario = "background round trip"
checkpoint = "restored"
sha256 = "89588ea561ecc310c064bdaeeae5bff15f103611f5af7a179a0608f97b290f00"
width = 1280
height = 720
size_bytes = 141899
source = "d5e1db472d1eab4c0ac72c51719c20823c487e9c3a18178ee82406c8bf0aa25e"

[[baselines]]
profile = "macos"
scenario = "boolean controls"
checkpoint = "accepted"
sha256 = "256b03fba58a85d94cf46cb2833ecf625b052cc768a4816263fbc8518ec8e4b1"
width = 1280
height = 720
size_bytes = 195260
source = "25ee65d7eec4da0d9440a66bc4b44137e5b6977d73237a03871da13ba0ded91d"

[[baselines]]
profile = "macos"
scenario = "boolean controls"
checkpoint = "initial"
sha256 = "c957ca3b1e796485b9153caec70e4d307182db3d2bf7fbd2420a95d804714d65"
width = 1280
height = 720
size_bytes = 190914
source = "25ee65d7eec4da0d9440a66bc4b44137e5b6977d73237a03871da13ba0ded91d"

[[baselines]]
profile = "macos"
scenario = "boolean controls"
checkpoint = "radios"
sha256 = "0aa6bb4b99f6466acd8b9f2119f609791d442b50b522446c6633b2169ff1f325"
width = 1280
height = 720
size_bytes = 195017
source = "25ee65d7eec4da0d9440a66bc4b44137e5b6977d73237a03871da13ba0ded91d"

[[baselines]]
profile = "macos"
scenario = "boolean controls"
checkpoint = "restored"
sha256 = "6d2e0b6849f59ec9177534ba9be6fb875dd983c15593b29a76e4c51c619dad9a"
width = 1280
height = 720
size_bytes = 195121
source = "25ee65d7eec4da0d9440a66bc4b44137e5b6977d73237a03871da13ba0ded91d"

[[baselines]]
profile = "macos"
scenario = "boolean controls"
checkpoint = "toggle-rejected"
sha256 = "b970736247e463e696e506fb0e4eac02c0388c498b84e56039725c8ad46d9311"
width = 1280
height = 720
size_bytes = 194924
source = "25ee65d7eec4da0d9440a66bc4b44137e5b6977d73237a03871da13ba0ded91d"

[[baselines]]
profile = "macos"
scenario = "buttons controls"
checkpoint = "initial"
sha256 = "149c087de84a5cea1ca261b74e2f37a7cd8fd50596a4a121ff7107f9bb7673af"
width = 1280
height = 720
size_bytes = 185036
source = "25ee65d7eec4da0d9440a66bc4b44137e5b6977d73237a03871da13ba0ded91d"

[[baselines]]
profile = "macos"
scenario = "buttons controls"
checkpoint = "keyboard"
sha256 = "911ed591d9d98a325dc451c0ab318d44f5bda2bfa8fc9baa80d778efb634d001"
width = 1280
height = 720
size_bytes = 185425
source = "25ee65d7eec4da0d9440a66bc4b44137e5b6977d73237a03871da13ba0ded91d"

[[baselines]]
profile = "macos"
scenario = "buttons controls"
checkpoint = "pointer"
sha256 = "60ab0688a9a532fd9dbb824143ecf66d643292acb00f52604c5d98fb2b349763"
width = 1280
height = 720
size_bytes = 185857
source = "25ee65d7eec4da0d9440a66bc4b44137e5b6977d73237a03871da13ba0ded91d"

[[baselines]]
profile = "macos"
scenario = "buttons controls"
checkpoint = "repeat"
sha256 = "e908a5c1e1bb0c63a3071094bbdfe74c77725fd61f83269eae5cc0203ce0a634"
width = 1280
height = 720
size_bytes = 186920
source = "25ee65d7eec4da0d9440a66bc4b44137e5b6977d73237a03871da13ba0ded91d"

[[baselines]]
profile = "macos"
scenario = "choice group controls"
checkpoint = "changed"
sha256 = "1d83408632c7e7387dc9433830d6c49830c73a3274b8372231488371d091d98d"
width = 1280
height = 720
size_bytes = 180965
source = "25ee65d7eec4da0d9440a66bc4b44137e5b6977d73237a03871da13ba0ded91d"

[[baselines]]
profile = "macos"
scenario = "choice group controls"
checkpoint = "initial"
sha256 = "9815ace510c22d76ec4fbdee66b0a244dc97a61af953cd32da1e141dfdcf4377"
width = 1280
height = 720
size_bytes = 182092
source = "855e27ed79ac105d8530d5354352b9213e897a14186ceaea01be6f4db663b311"

[[baselines]]
profile = "macos"
scenario = "complex parts"
checkpoint = "changed"
sha256 = "e7f5d1583e14bbd4971934211e05a2fe875f1557f4b0082fbb5de30fa2c1df0c"
width = 1280
height = 720
size_bytes = 193927
source = "25ee65d7eec4da0d9440a66bc4b44137e5b6977d73237a03871da13ba0ded91d"

[[baselines]]
profile = "macos"
scenario = "complex parts"
checkpoint = "initial"
sha256 = "d5bc90f8e9f51104b2aea8b55b77562af3f1b02638232cfd2cf7e94951ac2772"
width = 1280
height = 720
size_bytes = 190662
source = "25ee65d7eec4da0d9440a66bc4b44137e5b6977d73237a03871da13ba0ded91d"

[[baselines]]
profile = "macos"
scenario = "complex parts"
checkpoint = "restored"
sha256 = "d5bc90f8e9f51104b2aea8b55b77562af3f1b02638232cfd2cf7e94951ac2772"
width = 1280
height = 720
size_bytes = 190662
source = "25ee65d7eec4da0d9440a66bc4b44137e5b6977d73237a03871da13ba0ded91d"

[[baselines]]
profile = "macos"
scenario = "components foundation"
checkpoint = "initial"
sha256 = "e5f60ea55744dbd1fa0883dfa7abdb884fdf15eb5621d1894261bd590b192f91"
width = 1280
height = 720
size_bytes = 113117
source = "d5e1db472d1eab4c0ac72c51719c20823c487e9c3a18178ee82406c8bf0aa25e"

[[baselines]]
profile = "macos"
scenario = "containers controls"
checkpoint = "changed"
sha256 = "66fc1556942ed9af50e70b45f5798254412f9c254158a23d90a782ead2d98025"
width = 1280
height = 720
size_bytes = 187167
source = "25ee65d7eec4da0d9440a66bc4b44137e5b6977d73237a03871da13ba0ded91d"

[[baselines]]
profile = "macos"
scenario = "containers controls"
checkpoint = "initial"
sha256 = "f8c4d7f6abee8b9e84a95300a0c2b7d7077740aa6847b86766b40d53492bcf8d"
width = 1280
height = 720
size_bytes = 183516
source = "25ee65d7eec4da0d9440a66bc4b44137e5b6977d73237a03871da13ba0ded91d"

[[baselines]]
profile = "macos"
scenario = "containers controls"
checkpoint = "restored"
sha256 = "45941b275eab20f150ceb9c2f5786d8edd8f2eb70a7918eccd5b8a0534486e96"
width = 1280
height = 720
size_bytes = 183491
source = "25ee65d7eec4da0d9440a66bc4b44137e5b6977d73237a03871da13ba0ded91d"

[[baselines]]
profile = "macos"
scenario = "dropdown controls"
checkpoint = "accepted"
sha256 = "277720bf70f5dbe6ccafa630749485efe9b151cf46db71f5aeecf0350223a546"
width = 1280
height = 720
size_bytes = 182844
source = "2f9b7abd5c5049fa239cd89c3a7d29f2753b735ff6e1ea426485f344d664373e"

[[baselines]]
profile = "macos"
scenario = "dropdown controls"
checkpoint = "cleared"
sha256 = "948d5c05b6cd3a3529ae71a285d33a745bb57191feb4135b033edaccdec2ea31"
width = 1280
height = 720
size_bytes = 180775
source = "2f9b7abd5c5049fa239cd89c3a7d29f2753b735ff6e1ea426485f344d664373e"

[[baselines]]
profile = "macos"
scenario = "dropdown controls"
checkpoint = "initial"
sha256 = "02e14413e9e76222572b74dcdaf5cced636788529b0121feda3cc06bdd9a6555"
width = 1280
height = 720
size_bytes = 179417
source = "25ee65d7eec4da0d9440a66bc4b44137e5b6977d73237a03871da13ba0ded91d"

[[baselines]]
profile = "macos"
scenario = "dropdown controls"
checkpoint = "rejected"
sha256 = "16d477b7096ca5622de3cf8b492e1a81383fcc3ac75bc1531f230fcc381cef1c"
width = 1280
height = 720
size_bytes = 184655
source = "2f9b7abd5c5049fa239cd89c3a7d29f2753b735ff6e1ea426485f344d664373e"

[[baselines]]
profile = "macos"
scenario = "hierarchy round trip"
checkpoint = "changed"
sha256 = "7e7ffede3e97b1b2a3ae8e929a151d30c6a9668eeb956203fa4089317327ed19"
width = 1280
height = 720
size_bytes = 107718
source = "d5e1db472d1eab4c0ac72c51719c20823c487e9c3a18178ee82406c8bf0aa25e"

[[baselines]]
profile = "macos"
scenario = "hierarchy round trip"
checkpoint = "initial"
sha256 = "986fec5273cab4ad6c4c72ce1123f4958dd63ccef8e9709350eb28309dfacbfc"
width = 1280
height = 720
size_bytes = 109716
source = "d5e1db472d1eab4c0ac72c51719c20823c487e9c3a18178ee82406c8bf0aa25e"

[[baselines]]
profile = "macos"
scenario = "hierarchy round trip"
checkpoint = "restored"
sha256 = "3e38794913a3854b7e432a80f2d6042241ae2b0b711ae4aeebd5b1807f090b05"
width = 1280
height = 720
size_bytes = 109716
source = "d5e1db472d1eab4c0ac72c51719c20823c487e9c3a18178ee82406c8bf0aa25e"

[[baselines]]
profile = "macos"
scenario = "interactions round trip"
checkpoint = "changed"
sha256 = "07c4b8637df4713b34b977185807e97895ab7cc9c192d5c232783ea6012ae262"
width = 1280
height = 720
size_bytes = 113728
source = "d5e1db472d1eab4c0ac72c51719c20823c487e9c3a18178ee82406c8bf0aa25e"

[[baselines]]
profile = "macos"
scenario = "interactions round trip"
checkpoint = "initial"
sha256 = "fbe0f8b57b35201b2e781dc924a650dc6cc02553f6f286fcf551127e868a83e5"
width = 1280
height = 720
size_bytes = 115491
source = "d5e1db472d1eab4c0ac72c51719c20823c487e9c3a18178ee82406c8bf0aa25e"

[[baselines]]
profile = "macos"
scenario = "interactions round trip"
checkpoint = "restored"
sha256 = "19057c63d0759fdf0b0e54a070c0e1281d21e4c522d5e0e5f2d74b3b8b1bbcfc"
width = 1280
height = 720
size_bytes = 115643
source = "d5e1db472d1eab4c0ac72c51719c20823c487e9c3a18178ee82406c8bf0aa25e"

[[baselines]]
profile = "macos"
scenario = "keyboard navigation"
checkpoint = "focused"
sha256 = "76b6ba8fe517c29abb45974e73e1b27ddecd87b1048b7b276452df155ca7af4c"
width = 1280
height = 720
size_bytes = 175072
source = "3e2d5f2639f6dba4d225868dac1396666b187c8067eff7297b3f8d907fad74be"

[[baselines]]
profile = "macos"
scenario = "keyboard navigation"
checkpoint = "initial"
sha256 = "796aa476b32891063b54de9d2e8770eadb83ed6bf685690d0bfe041191eb0b9b"
width = 1280
height = 720
size_bytes = 183794
source = "3e2d5f2639f6dba4d225868dac1396666b187c8067eff7297b3f8d907fad74be"

[[baselines]]
profile = "macos"
scenario = "keyboard navigation"
checkpoint = "navigation-move"
sha256 = "398139ecbaed1cc81870b9c28e14e5ad450599e77cb38ae4ecf7626cb29c3be7"
width = 1280
height = 720
size_bytes = 178999
source = "3e2d5f2639f6dba4d225868dac1396666b187c8067eff7297b3f8d907fad74be"

[[baselines]]
profile = "macos"
scenario = "keyboard navigation"
checkpoint = "physical-key"
sha256 = "266cc3bdbac5a9de9d147a818ed42b6fb4ed2820461be8860d4b3f14988a651b"
width = 1280
height = 720
size_bytes = 178219
source = "3e2d5f2639f6dba4d225868dac1396666b187c8067eff7297b3f8d907fad74be"

[[baselines]]
profile = "macos"
scenario = "layout round trip"
checkpoint = "changed"
sha256 = "f825eae2885d64978d65e72cabb2124df50b9e17dddbd506eb17cd7c460029ae"
width = 1280
height = 720
size_bytes = 105333
source = "d5e1db472d1eab4c0ac72c51719c20823c487e9c3a18178ee82406c8bf0aa25e"

[[baselines]]
profile = "macos"
scenario = "layout round trip"
checkpoint = "initial"
sha256 = "fa82bbed3be6894630a8bfa88976fcfe48c2a0444f1cb3598000cb3fd0a5d45b"
width = 1280
height = 720
size_bytes = 107672
source = "d5e1db472d1eab4c0ac72c51719c20823c487e9c3a18178ee82406c8bf0aa25e"

[[baselines]]
profile = "macos"
scenario = "layout round trip"
checkpoint = "restored"
sha256 = "a8fe77978f67fe7a95f96ad030c3daaa951f604aeb485faebfe4746023383ead"
width = 1280
height = 720
size_bytes = 107692
source = "d5e1db472d1eab4c0ac72c51719c20823c487e9c3a18178ee82406c8bf0aa25e"

[[baselines]]
profile = "macos"
scenario = "native parts"
checkpoint = "initial"
sha256 = "242f0d44577db13f0f9257086a82ade9c6626be0101da4b79cb0b35e943e84d1"
width = 1280
height = 720
size_bytes = 214531
source = "25ee65d7eec4da0d9440a66bc4b44137e5b6977d73237a03871da13ba0ded91d"

[[baselines]]
profile = "macos"
scenario = "pointer routing"
checkpoint = "initial"
sha256 = "7db9ae1162058c9ae39b065b92dd922d924d3a3f8186f9b3534dfaeea291b98d"
width = 1280
height = 720
size_bytes = 170252
source = "3e2d5f2639f6dba4d225868dac1396666b187c8067eff7297b3f8d907fad74be"

[[baselines]]
profile = "macos"
scenario = "pointer routing"
checkpoint = "routed"
sha256 = "89090949d60bc000d42883c34d90828d1eaa068620705650176d1f64a0f349db"
width = 1280
height = 720
size_bytes = 180129
source = "3e2d5f2639f6dba4d225868dac1396666b187c8067eff7297b3f8d907fad74be"

[[baselines]]
profile = "macos"
scenario = "range controls"
checkpoint = "changed"
sha256 = "73f3b64fd20f96a403f774b28a9b85653ee8603816593e84b5bda61ae414e391"
width = 1280
height = 720
size_bytes = 179254
source = "25ee65d7eec4da0d9440a66bc4b44137e5b6977d73237a03871da13ba0ded91d"

[[baselines]]
profile = "macos"
scenario = "range controls"
checkpoint = "initial"
sha256 = "6e1cc5bc5f5e5c82b53ed3f0bc55dde18886c26c8f5bb73a231fd045260d36e4"
width = 1280
height = 720
size_bytes = 179298
source = "25ee65d7eec4da0d9440a66bc4b44137e5b6977d73237a03871da13ba0ded91d"

[[baselines]]
profile = "macos"
scenario = "release coverage"
checkpoint = "actions"
sha256 = "812d83bbc0f26fe4aebb55ea23fad171371a1ed62a7f782140a7d443f3792f2b"
width = 1280
height = 720
size_bytes = 159257
source = "3e2d5f2639f6dba4d225868dac1396666b187c8067eff7297b3f8d907fad74be"

[[baselines]]
profile = "macos"
scenario = "release coverage"
checkpoint = "asset-sources"
sha256 = "f4b8ab8cbb18d707a6b0f8b7d0b188072fb45de86c91fc0cc8b4b525178fd089"
width = 1280
height = 720
size_bytes = 203988
source = "3e2d5f2639f6dba4d225868dac1396666b187c8067eff7297b3f8d907fad74be"

[[baselines]]
profile = "macos"
scenario = "release coverage"
checkpoint = "document-modes"
sha256 = "2b494c7629d395faa0b47dac374fe038ead9c370d0a9c02235fc5c2854853725"
width = 1280
height = 720
size_bytes = 150446
source = "3e2d5f2639f6dba4d225868dac1396666b187c8067eff7297b3f8d907fad74be"

[[baselines]]
profile = "macos"
scenario = "release coverage"
checkpoint = "elements"
sha256 = "25eea174cbd81c01227f4dafa7c70e73e9f1969dac09932d0ea371b91e8f1d64"
width = 1280
height = 720
size_bytes = 200338
source = "3e2d5f2639f6dba4d225868dac1396666b187c8067eff7297b3f8d907fad74be"

[[baselines]]
profile = "macos"
scenario = "release coverage"
checkpoint = "events"
sha256 = "1d2b002c27c4de4f041bcc7033fa2e57b0da361b96534472ae77ae8909c17a7d"
width = 1280
height = 720
size_bytes = 191232
source = "3e2d5f2639f6dba4d225868dac1396666b187c8067eff7297b3f8d907fad74be"

[[baselines]]
profile = "macos"
scenario = "release coverage"
checkpoint = "initial"
sha256 = "ce61bcbe3199f843b3931295fdaaf2ae53dbe0cdcdb4c44e8cb88fe2e8df0819"
width = 1280
height = 720
size_bytes = 200688
source = "3e2d5f2639f6dba4d225868dac1396666b187c8067eff7297b3f8d907fad74be"

[[baselines]]
profile = "macos"
scenario = "release coverage"
checkpoint = "native-parts"
sha256 = "9f1d21feee145c94fede2aa3d467d34e5c128e3fc8e6d1e6c9c977c1174b005a"
width = 1280
height = 720
size_bytes = 204315
source = "3e2d5f2639f6dba4d225868dac1396666b187c8067eff7297b3f8d907fad74be"

[[baselines]]
profile = "macos"
scenario = "release coverage"
checkpoint = "outer-style"
sha256 = "4a618832f06fb275b891aaff8d499c0977042d4f263f8d8b97428cbbeeb5da8e"
width = 1280
height = 720
size_bytes = 207529
source = "3e2d5f2639f6dba4d225868dac1396666b187c8067eff7297b3f8d907fad74be"

[[baselines]]
profile = "macos"
scenario = "remaining events"
checkpoint = "initial"
sha256 = "5c6bf8465dabc92ae96005f23c32b4bfb9ac6124f5f49df7fc0aa36b138921e2"
width = 1280
height = 720
size_bytes = 219393
source = "3e2d5f2639f6dba4d225868dac1396666b187c8067eff7297b3f8d907fad74be"

[[baselines]]
profile = "macos"
scenario = "remaining events"
checkpoint = "link-events"
sha256 = "94d8d267620fe796b67d8c9ce6d30768e7172110a992801d40e24122b250350f"
width = 1280
height = 720
size_bytes = 223003
source = "3e2d5f2639f6dba4d225868dac1396666b187c8067eff7297b3f8d907fad74be"

[[baselines]]
profile = "macos"
scenario = "remaining events"
checkpoint = "restored"
sha256 = "5de989fb16a36c7d21da7d600e875703933bf874dc6d0b55e99c5f5ce034efd6"
width = 1280
height = 720
size_bytes = 224141
source = "3e2d5f2639f6dba4d225868dac1396666b187c8067eff7297b3f8d907fad74be"

[[baselines]]
profile = "macos"
scenario = "remaining events"
checkpoint = "settled"
sha256 = "40759064c9a7dbc11959b9cce3f666208125a87e58b043c3d2a0edffde4f9535"
width = 1280
height = 720
size_bytes = 227252
source = "3e2d5f2639f6dba4d225868dac1396666b187c8067eff7297b3f8d907fad74be"

[[baselines]]
profile = "macos"
scenario = "render modes"
checkpoint = "expanded"
sha256 = "cd36821f4a8789a8d9905bd2b49a2a31d350b04bbcc95ab8d8fcea333207d759"
width = 1280
height = 720
size_bytes = 156157
source = "3e2d5f2639f6dba4d225868dac1396666b187c8067eff7297b3f8d907fad74be"

[[baselines]]
profile = "macos"
scenario = "render modes"
checkpoint = "initial"
sha256 = "5259fa5bdab8d31d4f77f567fa0140202337ac3fc4cf2ae3ab77aa78516880ec"
width = 1280
height = 720
size_bytes = 133751
source = "3e2d5f2639f6dba4d225868dac1396666b187c8067eff7297b3f8d907fad74be"

[[baselines]]
profile = "macos"
scenario = "render modes"
checkpoint = "restored"
sha256 = "2fce87b503e98afc408282336ebaaad6d489cc08d07369647611afe16653264d"
width = 1280
height = 720
size_bytes = 133805
source = "3e2d5f2639f6dba4d225868dac1396666b187c8067eff7297b3f8d907fad74be"

[[baselines]]
profile = "macos"
scenario = "scroll controls"
checkpoint = "changed"
sha256 = "23baf90996a3d71648b0c6bde7120fc01df97088946751d22ebe2510cf120789"
width = 1280
height = 720
size_bytes = 155753
source = "855e27ed79ac105d8530d5354352b9213e897a14186ceaea01be6f4db663b311"

[[baselines]]
profile = "macos"
scenario = "scroll controls"
checkpoint = "initial"
sha256 = "d58587caf28b4097d8ab18dc13ddd795cd0fff9fa6dcc41126072d19373276de"
width = 1280
height = 720
size_bytes = 155702
source = "25ee65d7eec4da0d9440a66bc4b44137e5b6977d73237a03871da13ba0ded91d"

[[baselines]]
profile = "macos"
scenario = "slider controls"
checkpoint = "continuous"
sha256 = "f555968beb8b4746443fdd157e3d1618f3619778dfd14da3a7cde9c41768f9f7"
width = 1280
height = 720
size_bytes = 169610
source = "25ee65d7eec4da0d9440a66bc4b44137e5b6977d73237a03871da13ba0ded91d"

[[baselines]]
profile = "macos"
scenario = "slider controls"
checkpoint = "initial"
sha256 = "e290cd02cefd19f7dbcd4d627ff0d6b3dbf90a12a6ad1b36614e4f9aee8e9949"
width = 1280
height = 720
size_bytes = 170277
source = "25ee65d7eec4da0d9440a66bc4b44137e5b6977d73237a03871da13ba0ded91d"

[[baselines]]
profile = "macos"
scenario = "slider controls"
checkpoint = "stepped"
sha256 = "a5c6407bd78227b051322f61004b2220e120fb072180b3a3b77546041b9c798b"
width = 1280
height = 720
size_bytes = 168677
source = "25ee65d7eec4da0d9440a66bc4b44137e5b6977d73237a03871da13ba0ded91d"

[[baselines]]
profile = "macos"
scenario = "tabs controls"
checkpoint = "initial"
sha256 = "d74ea98ff3380535af1c037665b2fba24aae6c0f0c57fd06034a99cc6e205c32"
width = 1280
height = 720
size_bytes = 174058
source = "25ee65d7eec4da0d9440a66bc4b44137e5b6977d73237a03871da13ba0ded91d"

[[baselines]]
profile = "macos"
scenario = "tabs controls"
checkpoint = "selected"
sha256 = "f1ee7b45046337f75336d3196e161e9931e3b87ece5dd836b9018191e38a287e"
width = 1280
height = 720
size_bytes = 171569
source = "25ee65d7eec4da0d9440a66bc4b44137e5b6977d73237a03871da13ba0ded91d"

[[baselines]]
profile = "macos"
scenario = "text field controls"
checkpoint = "accepted-focus"
sha256 = "d277c500ca8e8d2b099f203344f1b484c659d404d684735570427e7d0fb0a5dc"
width = 1280
height = 720
size_bytes = 197206
source = "855e27ed79ac105d8530d5354352b9213e897a14186ceaea01be6f4db663b311"

[[baselines]]
profile = "macos"
scenario = "text field controls"
checkpoint = "initial"
sha256 = "d6ab71f377e4f21514d917082a41027c9c300b6aa5d28b2c811c00d0a98f4d37"
width = 1280
height = 720
size_bytes = 197361
source = "25ee65d7eec4da0d9440a66bc4b44137e5b6977d73237a03871da13ba0ded91d"

[[baselines]]
profile = "macos"
scenario = "text field controls"
checkpoint = "normalized-focus"
sha256 = "0ee3268db6b039828e06c849f5c003731fac7bbda662cacce5703fde08bcfdfe"
width = 1280
height = 720
size_bytes = 197019
source = "855e27ed79ac105d8530d5354352b9213e897a14186ceaea01be6f4db663b311"

[[baselines]]
profile = "macos"
scenario = "text field controls"
checkpoint = "rejected-focus"
sha256 = "5a496121146f8ec585d90b74d64c6ab8cb250ecd06eb6d601297f9169c5559b3"
width = 1280
height = 720
size_bytes = 197034
source = "855e27ed79ac105d8530d5354352b9213e897a14186ceaea01be6f4db663b311"

[[baselines]]
profile = "macos"
scenario = "transform round trip"
checkpoint = "changed"
sha256 = "aa7f424cb2d3841c29b7f4b163450890cae16e1c587a5d33e1acdd6a234f1805"
width = 1280
height = 720
size_bytes = 142156
source = "d5e1db472d1eab4c0ac72c51719c20823c487e9c3a18178ee82406c8bf0aa25e"

[[baselines]]
profile = "macos"
scenario = "transform round trip"
checkpoint = "initial"
sha256 = "9d569228d5c92a830fc02e907c3bdcce1b65f85e9cc5027520e1753592a3b164"
width = 1280
height = 720
size_bytes = 135826
source = "d5e1db472d1eab4c0ac72c51719c20823c487e9c3a18178ee82406c8bf0aa25e"

[[baselines]]
profile = "macos"
scenario = "transform round trip"
checkpoint = "restored"
sha256 = "10bcce27db25290ce775471fe2591dbc076ff150296b8d054a14fcafca58afec"
width = 1280
height = 720
size_bytes = 135846
source = "d5e1db472d1eab4c0ac72c51719c20823c487e9c3a18178ee82406c8bf0aa25e"

[[baselines]]
profile = "macos"
scenario = "typography foundation"
checkpoint = "initial"
sha256 = "ab9d0f3639098168b08ef8694fae4b9d679478d037af0f11d1d6be89c1c73f41"
width = 1280
height = 720
size_bytes = 161788
source = "d5e1db472d1eab4c0ac72c51719c20823c487e9c3a18178ee82406c8bf0aa25e"

[[baselines]]
profile = "macos"
scenario = "world space"
checkpoint = "activated"
sha256 = "f50839d92d7f853bbe737b8d6b562c7e5397ed16e6e2816b7c431149dbed3482"
width = 1280
height = 720
size_bytes = 268313
source = "7c41deca0a7e4d5f06e1b4f02a8500486ef9ec48e7b29d69098e09cb7cf4674c"

[[baselines]]
profile = "macos"
scenario = "world space"
checkpoint = "initial"
sha256 = "7b4fb4f59cdd9788adb5ea92054d289094b3e6e23d5551e3b94118b57b534cb1"
width = 1280
height = 720
size_bytes = 268509
source = "7c41deca0a7e4d5f06e1b4f02a8500486ef9ec48e7b29d69098e09cb7cf4674c"
