suite = "reactant"
namespace = "battlement/reactant"

[[baselines]]
profile = "macos"
scenario = "composition"
checkpoint = "initial"
sha256 = "6b81a21223ecf02fb7fb78fe89ad1702c44f65dd8abb9438f1c9e6c13e3197cc"
width = 1280
height = 720
size_bytes = 64155
source = "7c7c44a7dbb7647dfc4d33843b0320031dab4db3636dc3973f62a0678f29122a"
