suite = "basic"
namespace = "battlement/basic"

[[baselines]]
profile = "macos"
scenario = "click round trip"
checkpoint = "placed"
sha256 = "4446af29f19c0725902122adc33bf01cef76b1721cbfef2d7e24d20ee1a87f62"
width = 1280
height = 720
size_bytes = 44451
source = "138f9afb733b9422d6c11db00c9e2059f60c8fcd49e2f32e340311e18d8872ce"

[[baselines]]
profile = "macos"
scenario = "click round trip"
checkpoint = "restored"
sha256 = "b450a21e8c71e981e7ffcf67b3387b8d992e3406be72d0ff9e4e5eac5bf473a5"
width = 1280
height = 720
size_bytes = 45648
source = "138f9afb733b9422d6c11db00c9e2059f60c8fcd49e2f32e340311e18d8872ce"

[[baselines]]
profile = "macos"
scenario = "connected"
checkpoint = "initial"
sha256 = "94de0b919a6354d172bbc57def9991401c34916bceab810a7311a7db77dd59ad"
width = 1280
height = 720
size_bytes = 44359
source = "138f9afb733b9422d6c11db00c9e2059f60c8fcd49e2f32e340311e18d8872ce"
