suite = "chess-ui"
namespace = "battlement/chess-ui"

[[baselines]]
profile = "design"
scenario = "gallery navigation first"
checkpoint = "selected"
sha256 = "6cba7e5b9517c114fe74bbab102f0424412d9592819a45ddc4dfd59506566890"
width = 1440
height = 1584
size_bytes = 205085
source = "d8d8f096cd4cf2d9f1b8af15d743df565db5ccaffe49686c329ed0cfd214214c"

[[baselines]]
profile = "design"
scenario = "gallery navigation fourth"
checkpoint = "selected"
sha256 = "090a81b9d8545f2adb7c30e9e1c28515bcab44269bbc3fb69d94d4314bcb6301"
width = 1440
height = 1584
size_bytes = 218787
source = "d8d8f096cd4cf2d9f1b8af15d743df565db5ccaffe49686c329ed0cfd214214c"

[[baselines]]
profile = "design"
scenario = "gallery navigation second"
checkpoint = "selected"
sha256 = "2a1bddd5654f3398ee73dcc1fe605da7cd4b7af1fcf28b0933df47bf880de202"
width = 1440
height = 1584
size_bytes = 206429
source = "d8d8f096cd4cf2d9f1b8af15d743df565db5ccaffe49686c329ed0cfd214214c"

[[baselines]]
profile = "design"
scenario = "gallery navigation third"
checkpoint = "selected"
sha256 = "345ae204cf1bbac6585b385379f877cd2fc6b69390cf24b003bfd28c3316a5b4"
width = 1440
height = 1584
size_bytes = 209918
source = "d8d8f096cd4cf2d9f1b8af15d743df565db5ccaffe49686c329ed0cfd214214c"

[[baselines]]
profile = "design"
scenario = "gallery reset"
checkpoint = "changed"
sha256 = "2f9a34e262577cd282306a39062c1dc434315e6f74fe99eb24b287a6f4571fc1"
width = 1440
height = 1584
size_bytes = 241203
source = "d8d8f096cd4cf2d9f1b8af15d743df565db5ccaffe49686c329ed0cfd214214c"

[[baselines]]
profile = "design"
scenario = "gallery reset"
checkpoint = "initial"
sha256 = "7ea91b42d9b14feedfdd1b94669078d3e754477a7cbe3edae909dcb11bb66c0f"
width = 1440
height = 1584
size_bytes = 241721
source = "d8d8f096cd4cf2d9f1b8af15d743df565db5ccaffe49686c329ed0cfd214214c"

[[baselines]]
profile = "design"
scenario = "gallery reset"
checkpoint = "reset"
sha256 = "7ea91b42d9b14feedfdd1b94669078d3e754477a7cbe3edae909dcb11bb66c0f"
width = 1440
height = 1584
size_bytes = 241721
source = "d8d8f096cd4cf2d9f1b8af15d743df565db5ccaffe49686c329ed0cfd214214c"

[[baselines]]
profile = "design"
scenario = "portrait viewport"
checkpoint = "static"
sha256 = "cfc08e81c87813c1a08cb9e2c82d62d4a3372be5aa15fea999d28c90500620bc"
width = 1440
height = 1584
size_bytes = 212361
source = "d8d8f096cd4cf2d9f1b8af15d743df565db5ccaffe49686c329ed0cfd214214c"

[[baselines]]
profile = "design"
scenario = "screen frame"
checkpoint = "static"
sha256 = "d3ccd40912a29b4ce5af923692cceed9eae9a247ba3cda70d1b2b6ee27c7af82"
width = 1440
height = 1584
size_bytes = 249223
source = "d8d8f096cd4cf2d9f1b8af15d743df565db5ccaffe49686c329ed0cfd214214c"

[[baselines]]
profile = "design"
scenario = "select closed"
checkpoint = "changed"
sha256 = "19d0c7069c469753dfa3c880acfb3ce072ed6d3e215abd22d452ac870980c537"
width = 1440
height = 1584
size_bytes = 253434
source = "911f3bda3b40498676eb0b1700acb5f19c8797d03bb5943c9e510435b917fb88"

[[baselines]]
profile = "design"
scenario = "select closed"
checkpoint = "initial"
sha256 = "083d4d90d75ce1be29c26dfbf790784bb35c17a9c1a7d8240930c7c2c498d73c"
width = 1440
height = 1584
size_bytes = 253397
source = "911f3bda3b40498676eb0b1700acb5f19c8797d03bb5943c9e510435b917fb88"

[[baselines]]
profile = "design"
scenario = "select closed"
checkpoint = "reset"
sha256 = "083d4d90d75ce1be29c26dfbf790784bb35c17a9c1a7d8240930c7c2c498d73c"
width = 1440
height = 1584
size_bytes = 253397
source = "911f3bda3b40498676eb0b1700acb5f19c8797d03bb5943c9e510435b917fb88"

[[baselines]]
profile = "design"
scenario = "setting row"
checkpoint = "static"
sha256 = "a1ca6a55513a714f83248c3a57f3c45089a51cd7d6dc3389a2659041d06ead07"
width = 1440
height = 1584
size_bytes = 235798
source = "3a774dfdf5e2fa8872249d673386eceba2481d803007651684e48f900679a9a2"

[[baselines]]
profile = "design"
scenario = "toggle control"
checkpoint = "changed"
sha256 = "67ace66843b469d4dff2e5db4f180ddf86328349f98610b66e673bfdd2bfa785"
width = 1440
height = 1584
size_bytes = 241793
source = "4f59bad0d6baef8a002a63be6db351d10f3eb1e6e140f9ea3bc35e82b7f1518f"

[[baselines]]
profile = "design"
scenario = "toggle control"
checkpoint = "initial"
sha256 = "592e8868a18112527b8919356283bf46cb921cbfc117e80888405d8fa587cea5"
width = 1440
height = 1584
size_bytes = 240948
source = "4f59bad0d6baef8a002a63be6db351d10f3eb1e6e140f9ea3bc35e82b7f1518f"

[[baselines]]
profile = "design"
scenario = "toggle control"
checkpoint = "reset"
sha256 = "592e8868a18112527b8919356283bf46cb921cbfc117e80888405d8fa587cea5"
width = 1440
height = 1584
size_bytes = 240948
source = "4f59bad0d6baef8a002a63be6db351d10f3eb1e6e140f9ea3bc35e82b7f1518f"

[[baselines]]
profile = "macos"
scenario = "action buttons"
checkpoint = "changed"
sha256 = "aa9a8b91aec8be0951925548c4c12ff0d4baf105a80d9f5ce6ea40da2dc63069"
width = 1280
height = 800
size_bytes = 148396
source = "ba0e4d5a3b9856252b5bbae8366f31a92af9922d356e0f1c15a29e6174974e97"

[[baselines]]
profile = "macos"
scenario = "action buttons"
checkpoint = "initial"
sha256 = "ff134e646aa230306301f364d3c22452070bd101a4e5e43855a866a3658c2b1d"
width = 1280
height = 800
size_bytes = 148559
source = "ba0e4d5a3b9856252b5bbae8366f31a92af9922d356e0f1c15a29e6174974e97"

[[baselines]]
profile = "macos"
scenario = "action buttons"
checkpoint = "reset"
sha256 = "ff134e646aa230306301f364d3c22452070bd101a4e5e43855a866a3658c2b1d"
width = 1280
height = 800
size_bytes = 148559
source = "ba0e4d5a3b9856252b5bbae8366f31a92af9922d356e0f1c15a29e6174974e97"

[[baselines]]
profile = "macos"
scenario = "focus visible"
checkpoint = "initial"
sha256 = "4f69d72106b285d1dd903ba59ce5e34cefd63b1e47b97ef139abeee90bf3e119"
width = 1280
height = 800
size_bytes = 114426
source = "492c5fddfe0ce044672157ae3335ee49c32fa17b54e3f47ec1f1c8b7bae680e8"

[[baselines]]
profile = "macos"
scenario = "focus visible"
checkpoint = "keyboard"
sha256 = "4f69d72106b285d1dd903ba59ce5e34cefd63b1e47b97ef139abeee90bf3e119"
width = 1280
height = 800
size_bytes = 114426
source = "492c5fddfe0ce044672157ae3335ee49c32fa17b54e3f47ec1f1c8b7bae680e8"

[[baselines]]
profile = "macos"
scenario = "focus visible"
checkpoint = "moved"
sha256 = "4f69d72106b285d1dd903ba59ce5e34cefd63b1e47b97ef139abeee90bf3e119"
width = 1280
height = 800
size_bytes = 114426
source = "492c5fddfe0ce044672157ae3335ee49c32fa17b54e3f47ec1f1c8b7bae680e8"

[[baselines]]
profile = "macos"
scenario = "focus visible"
checkpoint = "reset"
sha256 = "4f69d72106b285d1dd903ba59ce5e34cefd63b1e47b97ef139abeee90bf3e119"
width = 1280
height = 800
size_bytes = 114426
source = "492c5fddfe0ce044672157ae3335ee49c32fa17b54e3f47ec1f1c8b7bae680e8"

[[baselines]]
profile = "macos"
scenario = "gallery navigation first"
checkpoint = "selected"
sha256 = "a0b13e15aad8e3ecf228ec2f642d55b9c2a2cfa3611cb7b1cbb7bf640ecb5efe"
width = 1280
height = 800
size_bytes = 184786
source = "72a50d2ea0d6047b9952e63a08902079ed8b4be6194e406e79d8c8dd873bda39"

[[baselines]]
profile = "macos"
scenario = "gallery navigation fourth"
checkpoint = "selected"
sha256 = "1199c3c897330f7d6d90277dea0506b4800ddbf53e86832fa6ab56f82faf77dd"
width = 1280
height = 800
size_bytes = 98344
source = "5a7929dc35842bc4778bc448331edcc1437871d5ce42b6712e3391144b4cb891"

[[baselines]]
profile = "macos"
scenario = "gallery navigation second"
checkpoint = "selected"
sha256 = "52506aaa9a691b0b6ea79723229f2ab95ce1db35059110bdae71e67a6f914509"
width = 1280
height = 800
size_bytes = 102317
source = "5a7929dc35842bc4778bc448331edcc1437871d5ce42b6712e3391144b4cb891"

[[baselines]]
profile = "macos"
scenario = "gallery navigation third"
checkpoint = "selected"
sha256 = "071411b453c609c2bf9961021ae57ea561c8ac9c60444bae45bf1a4c47e0da32"
width = 1280
height = 800
size_bytes = 88366
source = "5a7929dc35842bc4778bc448331edcc1437871d5ce42b6712e3391144b4cb891"

[[baselines]]
profile = "macos"
scenario = "gallery reset"
checkpoint = "changed"
sha256 = "6dd0ca8e505f425b22520142e08db638396c8a67db93407a6abe49a49cf72dfd"
width = 1280
height = 800
size_bytes = 123177
source = "a51c18f7c242035c959bf44c2d4241d24499962d159ecdf60d42f5aac5972e07"

[[baselines]]
profile = "macos"
scenario = "gallery reset"
checkpoint = "initial"
sha256 = "edf94f2004e42ccb66d8eb98e30f0e9a6e7776795963099c98eba9f950ca1371"
width = 1280
height = 800
size_bytes = 123341
source = "a51c18f7c242035c959bf44c2d4241d24499962d159ecdf60d42f5aac5972e07"

[[baselines]]
profile = "macos"
scenario = "gallery reset"
checkpoint = "reset"
sha256 = "edf94f2004e42ccb66d8eb98e30f0e9a6e7776795963099c98eba9f950ca1371"
width = 1280
height = 800
size_bytes = 123341
source = "a51c18f7c242035c959bf44c2d4241d24499962d159ecdf60d42f5aac5972e07"

[[baselines]]
profile = "macos"
scenario = "portrait viewport"
checkpoint = "static"
sha256 = "a769449049d8afdb22f846b73435aa3d20b1e4e13d496a355f8da2238b5d2f6c"
width = 1280
height = 800
size_bytes = 109003
source = "a51c18f7c242035c959bf44c2d4241d24499962d159ecdf60d42f5aac5972e07"

[[baselines]]
profile = "macos"
scenario = "screen frame"
checkpoint = "static"
sha256 = "b608251cbd4f74a64f9453342d95f6dd781bebda6ce709803fcb8be1274faaef"
width = 1280
height = 800
size_bytes = 124473
source = "b642b4d80bc99210a3df5c189df809d70b4ffdf242a1f1384df34c2edee90aae"

[[baselines]]
profile = "macos"
scenario = "screen header"
checkpoint = "game"
sha256 = "a0b13e15aad8e3ecf228ec2f642d55b9c2a2cfa3611cb7b1cbb7bf640ecb5efe"
width = 1280
height = 800
size_bytes = 184786
source = "72a50d2ea0d6047b9952e63a08902079ed8b4be6194e406e79d8c8dd873bda39"

[[baselines]]
profile = "macos"
scenario = "screen header"
checkpoint = "reset"
sha256 = "a0b13e15aad8e3ecf228ec2f642d55b9c2a2cfa3611cb7b1cbb7bf640ecb5efe"
width = 1280
height = 800
size_bytes = 184786
source = "72a50d2ea0d6047b9952e63a08902079ed8b4be6194e406e79d8c8dd873bda39"

[[baselines]]
profile = "macos"
scenario = "screen header"
checkpoint = "settings"
sha256 = "df7abca0a032e6438f4f4ee0d543ee5e95b372eea250223a8f9d32ce67d5e346"
width = 1280
height = 800
size_bytes = 145289
source = "72a50d2ea0d6047b9952e63a08902079ed8b4be6194e406e79d8c8dd873bda39"

[[baselines]]
profile = "macos"
scenario = "select closed"
checkpoint = "changed"
sha256 = "8725975f2afde60ac3ecb379bdab3b6e8b730aa9aa06c9360b85db4f293a047d"
width = 1280
height = 800
size_bytes = 134206
source = "ba0e4d5a3b9856252b5bbae8366f31a92af9922d356e0f1c15a29e6174974e97"

[[baselines]]
profile = "macos"
scenario = "select closed"
checkpoint = "initial"
sha256 = "dfe85a81a37e268a283fc3ee70b1028c1cf58425291497cec6a2ee4931702455"
width = 1280
height = 800
size_bytes = 134130
source = "ba0e4d5a3b9856252b5bbae8366f31a92af9922d356e0f1c15a29e6174974e97"

[[baselines]]
profile = "macos"
scenario = "select closed"
checkpoint = "reset"
sha256 = "dfe85a81a37e268a283fc3ee70b1028c1cf58425291497cec6a2ee4931702455"
width = 1280
height = 800
size_bytes = 134130
source = "ba0e4d5a3b9856252b5bbae8366f31a92af9922d356e0f1c15a29e6174974e97"

[[baselines]]
profile = "macos"
scenario = "select keyboard navigation"
checkpoint = "active-windowed"
sha256 = "5f0919a095f10a0ad8f0a97c920f7e2be1609cf7e6462a727918773558c591c3"
width = 1280
height = 800
size_bytes = 142394
source = "40c087274c647a4a33dad2b71ddeb37537dd8a59fea2bd146cce2c721b6690ce"

[[baselines]]
profile = "macos"
scenario = "select keyboard navigation"
checkpoint = "escaped"
sha256 = "b178ed9a9421c22afaae9b4b424b0b123ae083eec45e69e0ba4e2a3c306e1033"
width = 1280
height = 800
size_bytes = 142035
source = "40c087274c647a4a33dad2b71ddeb37537dd8a59fea2bd146cce2c721b6690ce"

[[baselines]]
profile = "macos"
scenario = "select keyboard navigation"
checkpoint = "initial"
sha256 = "0448cf517dfd9563cad26d3e15e82a65945d63e6f0759d623854114c10bd4b60"
width = 1280
height = 800
size_bytes = 130586
source = "40c087274c647a4a33dad2b71ddeb37537dd8a59fea2bd146cce2c721b6690ce"

[[baselines]]
profile = "macos"
scenario = "select keyboard navigation"
checkpoint = "open"
sha256 = "3cafa58ff7bf3ed8ac62ee317265bbe53ae35792055cac54aceea181fa12c293"
width = 1280
height = 800
size_bytes = 142538
source = "40c087274c647a4a33dad2b71ddeb37537dd8a59fea2bd146cce2c721b6690ce"

[[baselines]]
profile = "macos"
scenario = "select keyboard navigation"
checkpoint = "reset"
sha256 = "c14f225fca92330e29b0dfcc825a16ec23db0a672dfecdae7f696e0ff46bb14a"
width = 1280
height = 800
size_bytes = 130545
source = "40c087274c647a4a33dad2b71ddeb37537dd8a59fea2bd146cce2c721b6690ce"

[[baselines]]
profile = "macos"
scenario = "select keyboard navigation"
checkpoint = "selected"
sha256 = "e05bbf2af5420072f843804fe3752a98b5e29881e28da7247dbe89de9cd7b4bc"
width = 1280
height = 800
size_bytes = 130749
source = "40c087274c647a4a33dad2b71ddeb37537dd8a59fea2bd146cce2c721b6690ce"

[[baselines]]
profile = "macos"
scenario = "select pointer popover"
checkpoint = "dismissed"
sha256 = "9b8370ae016342aee3eab776685b7a7847de31b8e5e05d8ecb98da919619e5a8"
width = 1280
height = 800
size_bytes = 117308
source = "15f86c99a6b6c6d9c20bff2db7cfed332d0ad0d3353d57ee61a3eb2f312a044e"

[[baselines]]
profile = "macos"
scenario = "select pointer popover"
checkpoint = "hovered"
sha256 = "104da8065a9d6d92b15bf792a816ac026974a32e49441be2482ab48a51f93ea7"
width = 1280
height = 800
size_bytes = 129792
source = "40c087274c647a4a33dad2b71ddeb37537dd8a59fea2bd146cce2c721b6690ce"

[[baselines]]
profile = "macos"
scenario = "select pointer popover"
checkpoint = "initial"
sha256 = "1a56bf06f3797211db2a65ac2d1877f19765349b42e211cf92cb5d13638a9e44"
width = 1280
height = 800
size_bytes = 117543
source = "15f86c99a6b6c6d9c20bff2db7cfed332d0ad0d3353d57ee61a3eb2f312a044e"

[[baselines]]
profile = "macos"
scenario = "select pointer popover"
checkpoint = "open"
sha256 = "104da8065a9d6d92b15bf792a816ac026974a32e49441be2482ab48a51f93ea7"
width = 1280
height = 800
size_bytes = 129792
source = "40c087274c647a4a33dad2b71ddeb37537dd8a59fea2bd146cce2c721b6690ce"

[[baselines]]
profile = "macos"
scenario = "select pointer popover"
checkpoint = "reset"
sha256 = "1a56bf06f3797211db2a65ac2d1877f19765349b42e211cf92cb5d13638a9e44"
width = 1280
height = 800
size_bytes = 117543
source = "15f86c99a6b6c6d9c20bff2db7cfed332d0ad0d3353d57ee61a3eb2f312a044e"

[[baselines]]
profile = "macos"
scenario = "select pointer popover"
checkpoint = "selected"
sha256 = "9b8370ae016342aee3eab776685b7a7847de31b8e5e05d8ecb98da919619e5a8"
width = 1280
height = 800
size_bytes = 117308
source = "15f86c99a6b6c6d9c20bff2db7cfed332d0ad0d3353d57ee61a3eb2f312a044e"

[[baselines]]
profile = "macos"
scenario = "setting row"
checkpoint = "static"
sha256 = "a06d3c270d8d388f57411082c9b814e0b712cbb1556f31aaf416dd81dc5d8223"
width = 1280
height = 800
size_bytes = 120823
source = "5a7929dc35842bc4778bc448331edcc1437871d5ce42b6712e3391144b4cb891"

[[baselines]]
profile = "macos"
scenario = "settings tabs"
checkpoint = "changed"
sha256 = "fdaaf6a2d87275dd3a14f4373c5ce310b248b89004eb32136e44e7fd4d6519ab"
width = 1280
height = 800
size_bytes = 130543
source = "b642b4d80bc99210a3df5c189df809d70b4ffdf242a1f1384df34c2edee90aae"

[[baselines]]
profile = "macos"
scenario = "settings tabs"
checkpoint = "initial"
sha256 = "f2e1ba2ae8c05624eff579a7afc114fb05558f39fb8a23d5ba7cd9e6c031614c"
width = 1280
height = 800
size_bytes = 130587
source = "b642b4d80bc99210a3df5c189df809d70b4ffdf242a1f1384df34c2edee90aae"

[[baselines]]
profile = "macos"
scenario = "settings tabs"
checkpoint = "reset"
sha256 = "f2e1ba2ae8c05624eff579a7afc114fb05558f39fb8a23d5ba7cd9e6c031614c"
width = 1280
height = 800
size_bytes = 130587
source = "b642b4d80bc99210a3df5c189df809d70b4ffdf242a1f1384df34c2edee90aae"

[[baselines]]
profile = "macos"
scenario = "toggle accessibility"
checkpoint = "changed"
sha256 = "4409af536b45baa597175a1d803dad8c5eca2e1348eee16fcece318f272c7903"
width = 1280
height = 800
size_bytes = 116503
source = "09c5c1869c1872b800a3ad8a421e080e57d068825822e9b63ae3ea8028d3004b"

[[baselines]]
profile = "macos"
scenario = "toggle accessibility"
checkpoint = "initial"
sha256 = "1de0fb2f6344f19dce6483e4f4fbf73cbd59b519803f64e1cf7697d7178d6d11"
width = 1280
height = 800
size_bytes = 117147
source = "09c5c1869c1872b800a3ad8a421e080e57d068825822e9b63ae3ea8028d3004b"

[[baselines]]
profile = "macos"
scenario = "toggle accessibility"
checkpoint = "reset"
sha256 = "1de0fb2f6344f19dce6483e4f4fbf73cbd59b519803f64e1cf7697d7178d6d11"
width = 1280
height = 800
size_bytes = 117147
source = "09c5c1869c1872b800a3ad8a421e080e57d068825822e9b63ae3ea8028d3004b"

[[baselines]]
profile = "macos"
scenario = "toggle control"
checkpoint = "changed"
sha256 = "56bfcfcf53a24cd0571f403842526c91fccb457bbccb8b41753aef5673902992"
width = 1280
height = 800
size_bytes = 128939
source = "ba0e4d5a3b9856252b5bbae8366f31a92af9922d356e0f1c15a29e6174974e97"

[[baselines]]
profile = "macos"
scenario = "toggle control"
checkpoint = "initial"
sha256 = "e55244b7083b074e82023899929c41ed5d20ea09f08c565f5c88d00f881b43c6"
width = 1280
height = 800
size_bytes = 128424
source = "ba0e4d5a3b9856252b5bbae8366f31a92af9922d356e0f1c15a29e6174974e97"

[[baselines]]
profile = "macos"
scenario = "toggle control"
checkpoint = "reset"
sha256 = "e55244b7083b074e82023899929c41ed5d20ea09f08c565f5c88d00f881b43c6"
width = 1280
height = 800
size_bytes = 128424
source = "ba0e4d5a3b9856252b5bbae8366f31a92af9922d356e0f1c15a29e6174974e97"

[[baselines]]
profile = "macos"
scenario = "use interaction"
checkpoint = "changed"
sha256 = "be462d22a7721b8f41319ffdda5669c447fe696a1e73296520e37dce879d006c"
width = 1280
height = 800
size_bytes = 111668
source = "ba0e4d5a3b9856252b5bbae8366f31a92af9922d356e0f1c15a29e6174974e97"

[[baselines]]
profile = "macos"
scenario = "use interaction"
checkpoint = "initial"
sha256 = "cdfaee2266b0356831e31377c1b319158af206c1e42eb09405aa4ee383aac5e8"
width = 1280
height = 800
size_bytes = 111105
source = "ba0e4d5a3b9856252b5bbae8366f31a92af9922d356e0f1c15a29e6174974e97"

[[baselines]]
profile = "macos"
scenario = "use interaction"
checkpoint = "reset"
sha256 = "cdfaee2266b0356831e31377c1b319158af206c1e42eb09405aa4ee383aac5e8"
width = 1280
height = 800
size_bytes = 111105
source = "ba0e4d5a3b9856252b5bbae8366f31a92af9922d356e0f1c15a29e6174974e97"

[[baselines]]
profile = "macos"
scenario = "volume input"
checkpoint = "high"
sha256 = "00de678e163e6d6db23641cf40ebbe57451afee5dbf89c313fd5c711ec749091"
width = 1280
height = 800
size_bytes = 122184
source = "cdefa477d0f113387f86c26423cb56a5a2c5f492a63f83081e5f86a56a6b93c0"

[[baselines]]
profile = "macos"
scenario = "volume input"
checkpoint = "initial"
sha256 = "75160f30ee9221f6fa15f40bb681254a5f979a0ca67712ab1dca22aedb16fbb4"
width = 1280
height = 800
size_bytes = 122397
source = "f5536797b041e12f4f3fb0ccb392a3eb80600ff5060330180f99349712b4919c"

[[baselines]]
profile = "macos"
scenario = "volume input"
checkpoint = "keyboard"
sha256 = "8c4ac7966abcb0343a63dc66bdbf8fa910a0bd0f86864d970d8d0ffe1fea0fbe"
width = 1280
height = 800
size_bytes = 123470
source = "cdefa477d0f113387f86c26423cb56a5a2c5f492a63f83081e5f86a56a6b93c0"

[[baselines]]
profile = "macos"
scenario = "volume input"
checkpoint = "low"
sha256 = "e4615ce5e511f6af108c3b85d1e93cdf805329ac6264a1d1601b493ded44e1a2"
width = 1280
height = 800
size_bytes = 121294
source = "cdefa477d0f113387f86c26423cb56a5a2c5f492a63f83081e5f86a56a6b93c0"

[[baselines]]
profile = "macos"
scenario = "volume input"
checkpoint = "paged"
sha256 = "5c8a7996989d9464e77a852d1009477aa8fed2ccd0c80a1716d46153ffb6fbd2"
width = 1280
height = 800
size_bytes = 123207
source = "cdefa477d0f113387f86c26423cb56a5a2c5f492a63f83081e5f86a56a6b93c0"

[[baselines]]
profile = "macos"
scenario = "volume input"
checkpoint = "reset"
sha256 = "f4ebb1bcb9e41ca02616458e3915bb16a4f282d4625c3f38f8addd436979bcc0"
width = 1280
height = 800
size_bytes = 123324
source = "cdefa477d0f113387f86c26423cb56a5a2c5f492a63f83081e5f86a56a6b93c0"

[[baselines]]
profile = "macos"
scenario = "volume layout"
checkpoint = "changed"
sha256 = "31c77e667707140b6ddc0debb5a6cb2c130e227c30ce4d9fde43e92f651ca65c"
width = 1280
height = 800
size_bytes = 135078
source = "ba0e4d5a3b9856252b5bbae8366f31a92af9922d356e0f1c15a29e6174974e97"

[[baselines]]
profile = "macos"
scenario = "volume layout"
checkpoint = "initial"
sha256 = "79d1c19d8733d730e9fb0a127a4bc17e0c96564fd7c7fc299aaeb3182bbe8014"
width = 1280
height = 800
size_bytes = 135309
source = "ba0e4d5a3b9856252b5bbae8366f31a92af9922d356e0f1c15a29e6174974e97"

[[baselines]]
profile = "macos"
scenario = "volume layout"
checkpoint = "reset"
sha256 = "79d1c19d8733d730e9fb0a127a4bc17e0c96564fd7c7fc299aaeb3182bbe8014"
width = 1280
height = 800
size_bytes = 135309
source = "ba0e4d5a3b9856252b5bbae8366f31a92af9922d356e0f1c15a29e6174974e97"
