suite = "chess-ui"
namespace = "battlement/chess-ui"

[[baselines]]
profile = "macos"
scenario = "complete chess ui"
checkpoint = "main-menu"
sha256 = "358510c3625bd3d8628a8629179271ab1bcfaf03694c059177bcfc65bc9a64d3"
width = 1280
height = 800
size_bytes = 177717
source = "a02f78b22cad20993f247751f8da2092c93fc81203bdf416a966198e5c22d777"

[[baselines]]
profile = "macos"
scenario = "native action streaks"
checkpoint = "native-streaks"
sha256 = "a13a2cfeab4fea4e7c9058736abb897079c1f7b4d6dc9ba6541a249c5bf38c08"
width = 1280
height = 800
size_bytes = 177575
source = "2d464283033de57617762d5355873045c122e64ab4f2d1026ceb556d7645aa93"

[[baselines]]
profile = "macos"
scenario = "native action streaks"
checkpoint = "native-streaks-finished"
sha256 = "87d5c1629a0ee14dd0ba103be8bfb8f24395ee2318fa6f7a64449afb6b27aa04"
width = 1280
height = 800
size_bytes = 179563
source = "2d464283033de57617762d5355873045c122e64ab4f2d1026ceb556d7645aa93"

[[baselines]]
profile = "macos"
scenario = "native action streaks"
checkpoint = "native-streaks-reduced-motion"
sha256 = "373e970f5975e44a4ce63a927e795f295f9246d1e50339766da9a6b5dd9943e8"
width = 1280
height = 800
size_bytes = 159051
source = "2d464283033de57617762d5355873045c122e64ab4f2d1026ceb556d7645aa93"

[[baselines]]
profile = "macos"
scenario = "native action streaks"
checkpoint = "native-streaks-repeated"
sha256 = "1722a7cae0b53be4f4d8f6ec1e0abec8f606c702f7da79064f49545c82c99992"
width = 1280
height = 800
size_bytes = 177615
source = "2d464283033de57617762d5355873045c122e64ab4f2d1026ceb556d7645aa93"

[[baselines]]
profile = "macos"
scenario = "settings route transition"
checkpoint = "settings"
sha256 = "5df4055d624caafc5a6d30adb8dc6f456bf7a411e14a004f1f2f6f24d426dc34"
width = 1280
height = 800
size_bytes = 152388
source = "f5c8cf389f8402eee8b5439dfcc62bd763ce3ecef079b59eae8edf4de498fc2c"
